// !$*UTF8*$!
{
	archiveVersion = 1;
	classes = {
	};
	objectVersion = 45;
	objects = {

/* Begin PBXBuildFile section */
		A34C001312DF4808003E9972 /* LRMimic.m in Sources */ = {isa = PBXBuildFile; fileRef = A34C001212DF4808003E9972 /* LRMimic.m */; };
		A34C00CF12DF5405003E9972 /* AssertEventually.m in Sources */ = {isa = PBXBuildFile; fileRef = A34C00CE12DF5405003E9972 /* AssertEventually.m */; };
		A34CFCA312DE983E003E9972 /* LRResty.framework in Frameworks */ = {isa = PBXBuildFile; fileRef = A34CFCA212DE983E003E9972 /* LRResty.framework */; };
		A34CFD3512DE985C003E9972 /* KWAfterAllNode.m in Sources */ = {isa = PBXBuildFile; fileRef = A34CFCBC12DE985C003E9972 /* KWAfterAllNode.m */; };
		A34CFD3612DE985C003E9972 /* KWAfterEachNode.m in Sources */ = {isa = PBXBuildFile; fileRef = A34CFCBE12DE985C003E9972 /* KWAfterEachNode.m */; };
		A34CFD3712DE985C003E9972 /* KWBeBetweenMatcher.m in Sources */ = {isa = PBXBuildFile; fileRef = A34CFCC012DE985C003E9972 /* KWBeBetweenMatcher.m */; };
		A34CFD3812DE985C003E9972 /* KWBeEmptyMatcher.m in Sources */ = {isa = PBXBuildFile; fileRef = A34CFCC212DE985C003E9972 /* KWBeEmptyMatcher.m */; };
		A34CFD3912DE985C003E9972 /* KWBeforeAllNode.m in Sources */ = {isa = PBXBuildFile; fileRef = A34CFCC412DE985C003E9972 /* KWBeforeAllNode.m */; };
		A34CFD3A12DE985C003E9972 /* KWBeforeEachNode.m in Sources */ = {isa = PBXBuildFile; fileRef = A34CFCC612DE985C003E9972 /* KWBeforeEachNode.m */; };
		A34CFD3B12DE985C003E9972 /* KWBeIdenticalToMatcher.m in Sources */ = {isa = PBXBuildFile; fileRef = A34CFCC812DE985C003E9972 /* KWBeIdenticalToMatcher.m */; };
		A34CFD3C12DE985C003E9972 /* KWBeKindOfClassMatcher.m in Sources */ = {isa = PBXBuildFile; fileRef = A34CFCCA12DE985C003E9972 /* KWBeKindOfClassMatcher.m */; };
		A34CFD3D12DE985C003E9972 /* KWBeMemberOfClassMatcher.m in Sources */ = {isa = PBXBuildFile; fileRef = A34CFCCC12DE985C003E9972 /* KWBeMemberOfClassMatcher.m */; };
		A34CFD3E12DE985C003E9972 /* KWBeTrueMatcher.m in Sources */ = {isa = PBXBuildFile; fileRef = A34CFCCE12DE985C003E9972 /* KWBeTrueMatcher.m */; };
		A34CFD3F12DE985C003E9972 /* KWBeWithinMatcher.m in Sources */ = {isa = PBXBuildFile; fileRef = A34CFCD012DE985C003E9972 /* KWBeWithinMatcher.m */; };
		A34CFD4012DE985C003E9972 /* KWBeZeroMatcher.m in Sources */ = {isa = PBXBuildFile; fileRef = A34CFCD212DE985C003E9972 /* KWBeZeroMatcher.m */; };
		A34CFD4112DE985C003E9972 /* KWBlock.m in Sources */ = {isa = PBXBuildFile; fileRef = A34CFCD412DE985C003E9972 /* KWBlock.m */; };
		A34CFD4212DE985C003E9972 /* KWBlockNode.m in Sources */ = {isa = PBXBuildFile; fileRef = A34CFCD612DE985C003E9972 /* KWBlockNode.m */; };
		A34CFD4312DE985C003E9972 /* KWBlockRaiseMatcher.m in Sources */ = {isa = PBXBuildFile; fileRef = A34CFCD812DE985C003E9972 /* KWBlockRaiseMatcher.m */; };
		A34CFD4412DE985C003E9972 /* KWCallSite.m in Sources */ = {isa = PBXBuildFile; fileRef = A34CFCDA12DE985C003E9972 /* KWCallSite.m */; };
		A34CFD4512DE985C003E9972 /* KWConformToProtocolMatcher.m in Sources */ = {isa = PBXBuildFile; fileRef = A34CFCDC12DE985C003E9972 /* KWConformToProtocolMatcher.m */; };
		A34CFD4612DE985C003E9972 /* KWContainMatcher.m in Sources */ = {isa = PBXBuildFile; fileRef = A34CFCDE12DE985C003E9972 /* KWContainMatcher.m */; };
		A34CFD4712DE985C003E9972 /* KWContextNode.m in Sources */ = {isa = PBXBuildFile; fileRef = A34CFCE012DE985C003E9972 /* KWContextNode.m */; };
		A34CFD4812DE985C003E9972 /* KWDeviceInfo.m in Sources */ = {isa = PBXBuildFile; fileRef = A34CFCE312DE985C003E9972 /* KWDeviceInfo.m */; };
		A34CFD4912DE985C003E9972 /* KWEqualMatcher.m in Sources */ = {isa = PBXBuildFile; fileRef = A34CFCE512DE985C003E9972 /* KWEqualMatcher.m */; };
		A34CFD4A12DE985C003E9972 /* KWExampleGroup.m in Sources */ = {isa = PBXBuildFile; fileRef = A34CFCE712DE985C003E9972 /* KWExampleGroup.m */; };
		A34CFD4B12DE985C003E9972 /* KWExampleGroupBuilder.m in Sources */ = {isa = PBXBuildFile; fileRef = A34CFCE912DE985C003E9972 /* KWExampleGroupBuilder.m */; };
		A34CFD4C12DE985C003E9972 /* KWExistVerifier.m in Sources */ = {isa = PBXBuildFile; fileRef = A34CFCED12DE985C003E9972 /* KWExistVerifier.m */; };
		A34CFD4D12DE985C003E9972 /* KWFailure.m in Sources */ = {isa = PBXBuildFile; fileRef = A34CFCF012DE985C003E9972 /* KWFailure.m */; };
		A34CFD4E12DE985C003E9972 /* KWFormatter.m in Sources */ = {isa = PBXBuildFile; fileRef = A34CFCF212DE985C003E9972 /* KWFormatter.m */; };
		A34CFD4F12DE985C003E9972 /* KWHaveMatcher.m in Sources */ = {isa = PBXBuildFile; fileRef = A34CFCF412DE985C003E9972 /* KWHaveMatcher.m */; };
		A34CFD5012DE985C003E9972 /* KWInequalityMatcher.m in Sources */ = {isa = PBXBuildFile; fileRef = A34CFCF612DE985C003E9972 /* KWInequalityMatcher.m */; };
		A34CFD5112DE985C003E9972 /* KWIntercept.m in Sources */ = {isa = PBXBuildFile; fileRef = A34CFCF812DE985C003E9972 /* KWIntercept.m */; };
		A34CFD5212DE985C003E9972 /* KWInvocationCapturer.m in Sources */ = {isa = PBXBuildFile; fileRef = A34CFCFA12DE985C003E9972 /* KWInvocationCapturer.m */; };
		A34CFD5312DE985C003E9972 /* KWItNode.m in Sources */ = {isa = PBXBuildFile; fileRef = A34CFCFC12DE985C003E9972 /* KWItNode.m */; };
		A34CFD5412DE985C003E9972 /* KWMatcher.m in Sources */ = {isa = PBXBuildFile; fileRef = A34CFCFE12DE985C003E9972 /* KWMatcher.m */; };
		A34CFD5512DE985C003E9972 /* KWMatcherFactory.m in Sources */ = {isa = PBXBuildFile; fileRef = A34CFD0012DE985C003E9972 /* KWMatcherFactory.m */; };
		A34CFD5612DE985C003E9972 /* KWMatchVerifier.m in Sources */ = {isa = PBXBuildFile; fileRef = A34CFD0312DE985C003E9972 /* KWMatchVerifier.m */; };
		A34CFD5712DE985C003E9972 /* KWMessagePattern.m in Sources */ = {isa = PBXBuildFile; fileRef = A34CFD0512DE985C003E9972 /* KWMessagePattern.m */; };
		A34CFD5812DE985C003E9972 /* KWMessageTracker.m in Sources */ = {isa = PBXBuildFile; fileRef = A34CFD0812DE985C003E9972 /* KWMessageTracker.m */; };
		A34CFD5912DE985C003E9972 /* KWMock.m in Sources */ = {isa = PBXBuildFile; fileRef = A34CFD0A12DE985C003E9972 /* KWMock.m */; };
		A34CFD5A12DE985C003E9972 /* KWNull.m in Sources */ = {isa = PBXBuildFile; fileRef = A34CFD0C12DE985C003E9972 /* KWNull.m */; };
		A34CFD5B12DE985C003E9972 /* KWObjCUtilities.m in Sources */ = {isa = PBXBuildFile; fileRef = A34CFD0E12DE985C003E9972 /* KWObjCUtilities.m */; };
		A34CFD5C12DE985C003E9972 /* KWPendingNode.m in Sources */ = {isa = PBXBuildFile; fileRef = A34CFD1012DE985C003E9972 /* KWPendingNode.m */; };
		A34CFD5D12DE985C003E9972 /* KWRaiseMatcher.m in Sources */ = {isa = PBXBuildFile; fileRef = A34CFD1212DE985C003E9972 /* KWRaiseMatcher.m */; };
		A34CFD5E12DE985C003E9972 /* KWReceiveMatcher.m in Sources */ = {isa = PBXBuildFile; fileRef = A34CFD1412DE985C003E9972 /* KWReceiveMatcher.m */; };
		A34CFD5F12DE985C003E9972 /* KWRegisterMatchersNode.m in Sources */ = {isa = PBXBuildFile; fileRef = A34CFD1612DE985C003E9972 /* KWRegisterMatchersNode.m */; };
		A34CFD6012DE985C003E9972 /* KWRespondToSelectorMatcher.m in Sources */ = {isa = PBXBuildFile; fileRef = A34CFD1912DE985C003E9972 /* KWRespondToSelectorMatcher.m */; };
		A34CFD6112DE985C003E9972 /* KWSpec.m in Sources */ = {isa = PBXBuildFile; fileRef = A34CFD1B12DE985C003E9972 /* KWSpec.m */; };
		A34CFD6212DE985C003E9972 /* KWStringUtilities.m in Sources */ = {isa = PBXBuildFile; fileRef = A34CFD1D12DE985C003E9972 /* KWStringUtilities.m */; };
		A34CFD6312DE985C003E9972 /* KWStub.m in Sources */ = {isa = PBXBuildFile; fileRef = A34CFD1F12DE985C003E9972 /* KWStub.m */; };
		A34CFD6412DE985C003E9972 /* KWTestCase.m in Sources */ = {isa = PBXBuildFile; fileRef = A34CFD2112DE985C003E9972 /* KWTestCase.m */; };
		A34CFD6512DE985C003E9972 /* KWValue.m in Sources */ = {isa = PBXBuildFile; fileRef = A34CFD2312DE985C003E9972 /* KWValue.m */; };
		A34CFD6612DE985C003E9972 /* KWWorkarounds.m in Sources */ = {isa = PBXBuildFile; fileRef = A34CFD2612DE985C003E9972 /* KWWorkarounds.m */; };
		A34CFD6712DE985C003E9972 /* NSInvocation+KiwiAdditions.m in Sources */ = {isa = PBXBuildFile; fileRef = A34CFD2812DE985C003E9972 /* NSInvocation+KiwiAdditions.m */; };
		A34CFD6812DE985C003E9972 /* NSMethodSignature+KiwiAdditions.m in Sources */ = {isa = PBXBuildFile; fileRef = A34CFD2A12DE985C003E9972 /* NSMethodSignature+KiwiAdditions.m */; };
		A34CFD6912DE985C003E9972 /* NSNumber+KiwiAdditions.m in Sources */ = {isa = PBXBuildFile; fileRef = A34CFD2C12DE985C003E9972 /* NSNumber+KiwiAdditions.m */; };
		A34CFD6A12DE985C003E9972 /* NSObject+KiwiMockAdditions.m in Sources */ = {isa = PBXBuildFile; fileRef = A34CFD2E12DE985C003E9972 /* NSObject+KiwiMockAdditions.m */; };
		A34CFD6B12DE985C003E9972 /* NSObject+KiwiStubAdditions.m in Sources */ = {isa = PBXBuildFile; fileRef = A34CFD3012DE985C003E9972 /* NSObject+KiwiStubAdditions.m */; };
		A34CFD6C12DE985C003E9972 /* NSObject+KiwiVerifierAdditions.m in Sources */ = {isa = PBXBuildFile; fileRef = A34CFD3212DE985C003E9972 /* NSObject+KiwiVerifierAdditions.m */; };
		A34CFD6D12DE985C003E9972 /* NSValue+KiwiAdditions.m in Sources */ = {isa = PBXBuildFile; fileRef = A34CFD3412DE985C003E9972 /* NSValue+KiwiAdditions.m */; };
		A34CFDFB12DE9BB6003E9972 /* HCAllOf.mm in Sources */ = {isa = PBXBuildFile; fileRef = A34CFDAA12DE9BB6003E9972 /* HCAllOf.mm */; };
		A34CFDFC12DE9BB6003E9972 /* HCAnyOf.mm in Sources */ = {isa = PBXBuildFile; fileRef = A34CFDAC12DE9BB6003E9972 /* HCAnyOf.mm */; };
		A34CFDFD12DE9BB6003E9972 /* HCDescribedAs.mm in Sources */ = {isa = PBXBuildFile; fileRef = A34CFDAE12DE9BB6003E9972 /* HCDescribedAs.mm */; };
		A34CFDFE12DE9BB6003E9972 /* HCIs.mm in Sources */ = {isa = PBXBuildFile; fileRef = A34CFDB012DE9BB6003E9972 /* HCIs.mm */; };
		A34CFDFF12DE9BB6003E9972 /* HCIsAnything.mm in Sources */ = {isa = PBXBuildFile; fileRef = A34CFDB212DE9BB6003E9972 /* HCIsAnything.mm */; };
		A34CFE0012DE9BB6003E9972 /* HCIsEqual.mm in Sources */ = {isa = PBXBuildFile; fileRef = A34CFDB412DE9BB6003E9972 /* HCIsEqual.mm */; };
		A34CFE0112DE9BB6003E9972 /* HCIsInstanceOf.mm in Sources */ = {isa = PBXBuildFile; fileRef = A34CFDB612DE9BB6003E9972 /* HCIsInstanceOf.mm */; };
		A34CFE0212DE9BB6003E9972 /* HCIsNil.mm in Sources */ = {isa = PBXBuildFile; fileRef = A34CFDB812DE9BB6003E9972 /* HCIsNil.mm */; };
		A34CFE0312DE9BB6003E9972 /* HCIsNot.mm in Sources */ = {isa = PBXBuildFile; fileRef = A34CFDBA12DE9BB6003E9972 /* HCIsNot.mm */; };
		A34CFE0412DE9BB6003E9972 /* HCIsSame.mm in Sources */ = {isa = PBXBuildFile; fileRef = A34CFDBC12DE9BB6003E9972 /* HCIsSame.mm */; };
		A34CFE0512DE9BB6003E9972 /* HCBaseDescription.mm in Sources */ = {isa = PBXBuildFile; fileRef = A34CFDBE12DE9BB6003E9972 /* HCBaseDescription.mm */; };
		A34CFE0612DE9BB6003E9972 /* HCBaseMatcher.mm in Sources */ = {isa = PBXBuildFile; fileRef = A34CFDC012DE9BB6003E9972 /* HCBaseMatcher.mm */; };
		A34CFE0712DE9BB6003E9972 /* HCInvocationMatcher.mm in Sources */ = {isa = PBXBuildFile; fileRef = A34CFDC312DE9BB6003E9972 /* HCInvocationMatcher.mm */; };
		A34CFE0812DE9BB6003E9972 /* HCMatcherAssert.mm in Sources */ = {isa = PBXBuildFile; fileRef = A34CFDC612DE9BB6003E9972 /* HCMatcherAssert.mm */; };
		A34CFE0912DE9BB6003E9972 /* HCStringDescription.mm in Sources */ = {isa = PBXBuildFile; fileRef = A34CFDC912DE9BB6003E9972 /* HCStringDescription.mm */; };
		A34CFE0A12DE9BB6003E9972 /* HCWrapInMatcher.mm in Sources */ = {isa = PBXBuildFile; fileRef = A34CFDCB12DE9BB6003E9972 /* HCWrapInMatcher.mm */; };
		A34CFE0B12DE9BB6003E9972 /* HCCollectMatchers.mm in Sources */ = {isa = PBXBuildFile; fileRef = A34CFDCE12DE9BB6003E9972 /* HCCollectMatchers.mm */; };
		A34CFE0C12DE9BB6003E9972 /* NSObject_HCSelfDescribingValue.mm in Sources */ = {isa = PBXBuildFile; fileRef = A34CFDD112DE9BB6003E9972 /* NSObject_HCSelfDescribingValue.mm */; };
		A34CFE0D12DE9BB6003E9972 /* HCIsCollectionContaining.mm in Sources */ = {isa = PBXBuildFile; fileRef = A34CFDD512DE9BB6003E9972 /* HCIsCollectionContaining.mm */; };
		A34CFE0E12DE9BB6003E9972 /* HCIsCollectionOnlyContaining.mm in Sources */ = {isa = PBXBuildFile; fileRef = A34CFDD712DE9BB6003E9972 /* HCIsCollectionOnlyContaining.mm */; };
		A34CFE0F12DE9BB6003E9972 /* HCIsDictionaryContaining.mm in Sources */ = {isa = PBXBuildFile; fileRef = A34CFDD912DE9BB6003E9972 /* HCIsDictionaryContaining.mm */; };
		A34CFE1012DE9BB6003E9972 /* HCIsDictionaryContainingKey.mm in Sources */ = {isa = PBXBuildFile; fileRef = A34CFDDB12DE9BB6003E9972 /* HCIsDictionaryContainingKey.mm */; };
		A34CFE1112DE9BB6003E9972 /* HCIsDictionaryContainingValue.mm in Sources */ = {isa = PBXBuildFile; fileRef = A34CFDDD12DE9BB6003E9972 /* HCIsDictionaryContainingValue.mm */; };
		A34CFE1212DE9BB6003E9972 /* HCIsIn.mm in Sources */ = {isa = PBXBuildFile; fileRef = A34CFDDF12DE9BB6003E9972 /* HCIsIn.mm */; };
		A34CFE1312DE9BB6003E9972 /* HCIsCloseTo.mm in Sources */ = {isa = PBXBuildFile; fileRef = A34CFDE312DE9BB6003E9972 /* HCIsCloseTo.mm */; };
		A34CFE1412DE9BB6003E9972 /* HCIsEqualToNumber.mm in Sources */ = {isa = PBXBuildFile; fileRef = A34CFDE512DE9BB6003E9972 /* HCIsEqualToNumber.mm */; };
		A34CFE1512DE9BB6003E9972 /* HCNumberAssert.mm in Sources */ = {isa = PBXBuildFile; fileRef = A34CFDE712DE9BB6003E9972 /* HCNumberAssert.mm */; };
		A34CFE1612DE9BB6003E9972 /* HCOrderingComparison.mm in Sources */ = {isa = PBXBuildFile; fileRef = A34CFDE912DE9BB6003E9972 /* HCOrderingComparison.mm */; };
		A34CFE1712DE9BB6003E9972 /* HCHasDescription.mm in Sources */ = {isa = PBXBuildFile; fileRef = A34CFDEC12DE9BB6003E9972 /* HCHasDescription.mm */; };
		A34CFE1812DE9BB6003E9972 /* HCIsEqualIgnoringCase.mm in Sources */ = {isa = PBXBuildFile; fileRef = A34CFDEF12DE9BB6003E9972 /* HCIsEqualIgnoringCase.mm */; };
		A34CFE1912DE9BB6003E9972 /* HCIsEqualIgnoringWhiteSpace.mm in Sources */ = {isa = PBXBuildFile; fileRef = A34CFDF112DE9BB6003E9972 /* HCIsEqualIgnoringWhiteSpace.mm */; };
		A34CFE1A12DE9BB6003E9972 /* HCStringContains.mm in Sources */ = {isa = PBXBuildFile; fileRef = A34CFDF412DE9BB6003E9972 /* HCStringContains.mm */; };
		A34CFE1B12DE9BB6003E9972 /* HCStringEndsWith.mm in Sources */ = {isa = PBXBuildFile; fileRef = A34CFDF612DE9BB6003E9972 /* HCStringEndsWith.mm */; };
		A34CFE1C12DE9BB6003E9972 /* HCStringStartsWith.mm in Sources */ = {isa = PBXBuildFile; fileRef = A34CFDF812DE9BB6003E9972 /* HCStringStartsWith.mm */; };
		A34CFE1D12DE9BB6003E9972 /* HCSubstringMatcher.mm in Sources */ = {isa = PBXBuildFile; fileRef = A34CFDFA12DE9BB6003E9972 /* HCSubstringMatcher.mm */; };
		A34CFE3A12DE9CC6003E9972 /* mimicd in Resources */ = {isa = PBXBuildFile; fileRef = A34CFE3912DE9CC6003E9972 /* mimicd */; };
		A34CFEAE12DEA453003E9972 /* MimicSpec.m in Sources */ = {isa = PBXBuildFile; fileRef = A34CFEAD12DEA453003E9972 /* MimicSpec.m */; };
		A34CFEC412DF34BD003E9972 /* MimicSpecWithWrapper.m in Sources */ = {isa = PBXBuildFile; fileRef = A34CFEC312DF34BD003E9972 /* MimicSpecWithWrapper.m */; };
		AA747D9F0F9514B9006C5449 /* MimicSpecDemo_Prefix.pch in Headers */ = {isa = PBXBuildFile; fileRef = AA747D9E0F9514B9006C5449 /* MimicSpecDemo_Prefix.pch */; };
		AACBBE4A0F95108600F1A2B1 /* Foundation.framework in Frameworks */ = {isa = PBXBuildFile; fileRef = AACBBE490F95108600F1A2B1 /* Foundation.framework */; };
/* End PBXBuildFile section */

/* Begin PBXFileReference section */
		A34C001112DF4808003E9972 /* LRMimic.h */ = {isa = PBXFileReference; fileEncoding = 4; lastKnownFileType = sourcecode.c.h; path = LRMimic.h; sourceTree = "<group>"; };
		A34C001212DF4808003E9972 /* LRMimic.m */ = {isa = PBXFileReference; fileEncoding = 4; lastKnownFileType = sourcecode.c.objc; path = LRMimic.m; sourceTree = "<group>"; };
		A34C00CD12DF5405003E9972 /* AssertEventually.h */ = {isa = PBXFileReference; fileEncoding = 4; lastKnownFileType = sourcecode.c.h; path = AssertEventually.h; sourceTree = "<group>"; };
		A34C00CE12DF5405003E9972 /* AssertEventually.m */ = {isa = PBXFileReference; fileEncoding = 4; lastKnownFileType = sourcecode.c.objc; path = AssertEventually.m; sourceTree = "<group>"; };
		A34CFC9212DE97AD003E9972 /* Specs.octest */ = {isa = PBXFileReference; explicitFileType = wrapper.cfbundle; includeInIndex = 0; path = Specs.octest; sourceTree = BUILT_PRODUCTS_DIR; };
		A34CFC9312DE97AD003E9972 /* Specs-Info.plist */ = {isa = PBXFileReference; lastKnownFileType = text.plist.xml; path = "Specs-Info.plist"; sourceTree = "<group>"; };
		A34CFCA212DE983E003E9972 /* LRResty.framework */ = {isa = PBXFileReference; lastKnownFileType = wrapper.framework; path = LRResty.framework; sourceTree = "<group>"; };
		A34CFCB812DE985C003E9972 /* Kiwi.h */ = {isa = PBXFileReference; fileEncoding = 4; lastKnownFileType = sourcecode.c.h; path = Kiwi.h; sourceTree = "<group>"; };
		A34CFCB912DE985C003E9972 /* KiwiConfiguration.h */ = {isa = PBXFileReference; fileEncoding = 4; lastKnownFileType = sourcecode.c.h; path = KiwiConfiguration.h; sourceTree = "<group>"; };
		A34CFCBA12DE985C003E9972 /* KiwiMacros.h */ = {isa = PBXFileReference; fileEncoding = 4; lastKnownFileType = sourcecode.c.h; path = KiwiMacros.h; sourceTree = "<group>"; };
		A34CFCBB12DE985C003E9972 /* KWAfterAllNode.h */ = {isa = PBXFileReference; fileEncoding = 4; lastKnownFileType = sourcecode.c.h; path = KWAfterAllNode.h; sourceTree = "<group>"; };
		A34CFCBC12DE985C003E9972 /* KWAfterAllNode.m */ = {isa = PBXFileReference; fileEncoding = 4; lastKnownFileType = sourcecode.c.objc; path = KWAfterAllNode.m; sourceTree = "<group>"; };
		A34CFCBD12DE985C003E9972 /* KWAfterEachNode.h */ = {isa = PBXFileReference; fileEncoding = 4; lastKnownFileType = sourcecode.c.h; path = KWAfterEachNode.h; sourceTree = "<group>"; };
		A34CFCBE12DE985C003E9972 /* KWAfterEachNode.m */ = {isa = PBXFileReference; fileEncoding = 4; lastKnownFileType = sourcecode.c.objc; path = KWAfterEachNode.m; sourceTree = "<group>"; };
		A34CFCBF12DE985C003E9972 /* KWBeBetweenMatcher.h */ = {isa = PBXFileReference; fileEncoding = 4; lastKnownFileType = sourcecode.c.h; path = KWBeBetweenMatcher.h; sourceTree = "<group>"; };
		A34CFCC012DE985C003E9972 /* KWBeBetweenMatcher.m */ = {isa = PBXFileReference; fileEncoding = 4; lastKnownFileType = sourcecode.c.objc; path = KWBeBetweenMatcher.m; sourceTree = "<group>"; };
		A34CFCC112DE985C003E9972 /* KWBeEmptyMatcher.h */ = {isa = PBXFileReference; fileEncoding = 4; lastKnownFileType = sourcecode.c.h; path = KWBeEmptyMatcher.h; sourceTree = "<group>"; };
		A34CFCC212DE985C003E9972 /* KWBeEmptyMatcher.m */ = {isa = PBXFileReference; fileEncoding = 4; lastKnownFileType = sourcecode.c.objc; path = KWBeEmptyMatcher.m; sourceTree = "<group>"; };
		A34CFCC312DE985C003E9972 /* KWBeforeAllNode.h */ = {isa = PBXFileReference; fileEncoding = 4; lastKnownFileType = sourcecode.c.h; path = KWBeforeAllNode.h; sourceTree = "<group>"; };
		A34CFCC412DE985C003E9972 /* KWBeforeAllNode.m */ = {isa = PBXFileReference; fileEncoding = 4; lastKnownFileType = sourcecode.c.objc; path = KWBeforeAllNode.m; sourceTree = "<group>"; };
		A34CFCC512DE985C003E9972 /* KWBeforeEachNode.h */ = {isa = PBXFileReference; fileEncoding = 4; lastKnownFileType = sourcecode.c.h; path = KWBeforeEachNode.h; sourceTree = "<group>"; };
		A34CFCC612DE985C003E9972 /* KWBeforeEachNode.m */ = {isa = PBXFileReference; fileEncoding = 4; lastKnownFileType = sourcecode.c.objc; path = KWBeforeEachNode.m; sourceTree = "<group>"; };
		A34CFCC712DE985C003E9972 /* KWBeIdenticalToMatcher.h */ = {isa = PBXFileReference; fileEncoding = 4; lastKnownFileType = sourcecode.c.h; path = KWBeIdenticalToMatcher.h; sourceTree = "<group>"; };
		A34CFCC812DE985C003E9972 /* KWBeIdenticalToMatcher.m */ = {isa = PBXFileReference; fileEncoding = 4; lastKnownFileType = sourcecode.c.objc; path = KWBeIdenticalToMatcher.m; sourceTree = "<group>"; };
		A34CFCC912DE985C003E9972 /* KWBeKindOfClassMatcher.h */ = {isa = PBXFileReference; fileEncoding = 4; lastKnownFileType = sourcecode.c.h; path = KWBeKindOfClassMatcher.h; sourceTree = "<group>"; };
		A34CFCCA12DE985C003E9972 /* KWBeKindOfClassMatcher.m */ = {isa = PBXFileReference; fileEncoding = 4; lastKnownFileType = sourcecode.c.objc; path = KWBeKindOfClassMatcher.m; sourceTree = "<group>"; };
		A34CFCCB12DE985C003E9972 /* KWBeMemberOfClassMatcher.h */ = {isa = PBXFileReference; fileEncoding = 4; lastKnownFileType = sourcecode.c.h; path = KWBeMemberOfClassMatcher.h; sourceTree = "<group>"; };
		A34CFCCC12DE985C003E9972 /* KWBeMemberOfClassMatcher.m */ = {isa = PBXFileReference; fileEncoding = 4; lastKnownFileType = sourcecode.c.objc; path = KWBeMemberOfClassMatcher.m; sourceTree = "<group>"; };
		A34CFCCD12DE985C003E9972 /* KWBeTrueMatcher.h */ = {isa = PBXFileReference; fileEncoding = 4; lastKnownFileType = sourcecode.c.h; path = KWBeTrueMatcher.h; sourceTree = "<group>"; };
		A34CFCCE12DE985C003E9972 /* KWBeTrueMatcher.m */ = {isa = PBXFileReference; fileEncoding = 4; lastKnownFileType = sourcecode.c.objc; path = KWBeTrueMatcher.m; sourceTree = "<group>"; };
		A34CFCCF12DE985C003E9972 /* KWBeWithinMatcher.h */ = {isa = PBXFileReference; fileEncoding = 4; lastKnownFileType = sourcecode.c.h; path = KWBeWithinMatcher.h; sourceTree = "<group>"; };
		A34CFCD012DE985C003E9972 /* KWBeWithinMatcher.m */ = {isa = PBXFileReference; fileEncoding = 4; lastKnownFileType = sourcecode.c.objc; path = KWBeWithinMatcher.m; sourceTree = "<group>"; };
		A34CFCD112DE985C003E9972 /* KWBeZeroMatcher.h */ = {isa = PBXFileReference; fileEncoding = 4; lastKnownFileType = sourcecode.c.h; path = KWBeZeroMatcher.h; sourceTree = "<group>"; };
		A34CFCD212DE985C003E9972 /* KWBeZeroMatcher.m */ = {isa = PBXFileReference; fileEncoding = 4; lastKnownFileType = sourcecode.c.objc; path = KWBeZeroMatcher.m; sourceTree = "<group>"; };
		A34CFCD312DE985C003E9972 /* KWBlock.h */ = {isa = PBXFileReference; fileEncoding = 4; lastKnownFileType = sourcecode.c.h; path = KWBlock.h; sourceTree = "<group>"; };
		A34CFCD412DE985C003E9972 /* KWBlock.m */ = {isa = PBXFileReference; fileEncoding = 4; lastKnownFileType = sourcecode.c.objc; path = KWBlock.m; sourceTree = "<group>"; };
		A34CFCD512DE985C003E9972 /* KWBlockNode.h */ = {isa = PBXFileReference; fileEncoding = 4; lastKnownFileType = sourcecode.c.h; path = KWBlockNode.h; sourceTree = "<group>"; };
		A34CFCD612DE985C003E9972 /* KWBlockNode.m */ = {isa = PBXFileReference; fileEncoding = 4; lastKnownFileType = sourcecode.c.objc; path = KWBlockNode.m; sourceTree = "<group>"; };
		A34CFCD712DE985C003E9972 /* KWBlockRaiseMatcher.h */ = {isa = PBXFileReference; fileEncoding = 4; lastKnownFileType = sourcecode.c.h; path = KWBlockRaiseMatcher.h; sourceTree = "<group>"; };
		A34CFCD812DE985C003E9972 /* KWBlockRaiseMatcher.m */ = {isa = PBXFileReference; fileEncoding = 4; lastKnownFileType = sourcecode.c.objc; path = KWBlockRaiseMatcher.m; sourceTree = "<group>"; };
		A34CFCD912DE985C003E9972 /* KWCallSite.h */ = {isa = PBXFileReference; fileEncoding = 4; lastKnownFileType = sourcecode.c.h; path = KWCallSite.h; sourceTree = "<group>"; };
		A34CFCDA12DE985C003E9972 /* KWCallSite.m */ = {isa = PBXFileReference; fileEncoding = 4; lastKnownFileType = sourcecode.c.objc; path = KWCallSite.m; sourceTree = "<group>"; };
		A34CFCDB12DE985C003E9972 /* KWConformToProtocolMatcher.h */ = {isa = PBXFileReference; fileEncoding = 4; lastKnownFileType = sourcecode.c.h; path = KWConformToProtocolMatcher.h; sourceTree = "<group>"; };
		A34CFCDC12DE985C003E9972 /* KWConformToProtocolMatcher.m */ = {isa = PBXFileReference; fileEncoding = 4; lastKnownFileType = sourcecode.c.objc; path = KWConformToProtocolMatcher.m; sourceTree = "<group>"; };
		A34CFCDD12DE985C003E9972 /* KWContainMatcher.h */ = {isa = PBXFileReference; fileEncoding = 4; lastKnownFileType = sourcecode.c.h; path = KWContainMatcher.h; sourceTree = "<group>"; };
		A34CFCDE12DE985C003E9972 /* KWContainMatcher.m */ = {isa = PBXFileReference; fileEncoding = 4; lastKnownFileType = sourcecode.c.objc; path = KWContainMatcher.m; sourceTree = "<group>"; };
		A34CFCDF12DE985C003E9972 /* KWContextNode.h */ = {isa = PBXFileReference; fileEncoding = 4; lastKnownFileType = sourcecode.c.h; path = KWContextNode.h; sourceTree = "<group>"; };
		A34CFCE012DE985C003E9972 /* KWContextNode.m */ = {isa = PBXFileReference; fileEncoding = 4; lastKnownFileType = sourcecode.c.objc; path = KWContextNode.m; sourceTree = "<group>"; };
		A34CFCE112DE985C003E9972 /* KWCountType.h */ = {isa = PBXFileReference; fileEncoding = 4; lastKnownFileType = sourcecode.c.h; path = KWCountType.h; sourceTree = "<group>"; };
		A34CFCE212DE985C003E9972 /* KWDeviceInfo.h */ = {isa = PBXFileReference; fileEncoding = 4; lastKnownFileType = sourcecode.c.h; path = KWDeviceInfo.h; sourceTree = "<group>"; };
		A34CFCE312DE985C003E9972 /* KWDeviceInfo.m */ = {isa = PBXFileReference; fileEncoding = 4; lastKnownFileType = sourcecode.c.objc; path = KWDeviceInfo.m; sourceTree = "<group>"; };
		A34CFCE412DE985C003E9972 /* KWEqualMatcher.h */ = {isa = PBXFileReference; fileEncoding = 4; lastKnownFileType = sourcecode.c.h; path = KWEqualMatcher.h; sourceTree = "<group>"; };
		A34CFCE512DE985C003E9972 /* KWEqualMatcher.m */ = {isa = PBXFileReference; fileEncoding = 4; lastKnownFileType = sourcecode.c.objc; path = KWEqualMatcher.m; sourceTree = "<group>"; };
		A34CFCE612DE985C003E9972 /* KWExampleGroup.h */ = {isa = PBXFileReference; fileEncoding = 4; lastKnownFileType = sourcecode.c.h; path = KWExampleGroup.h; sourceTree = "<group>"; };
		A34CFCE712DE985C003E9972 /* KWExampleGroup.m */ = {isa = PBXFileReference; fileEncoding = 4; lastKnownFileType = sourcecode.c.objc; path = KWExampleGroup.m; sourceTree = "<group>"; };
		A34CFCE812DE985C003E9972 /* KWExampleGroupBuilder.h */ = {isa = PBXFileReference; fileEncoding = 4; lastKnownFileType = sourcecode.c.h; path = KWExampleGroupBuilder.h; sourceTree = "<group>"; };
		A34CFCE912DE985C003E9972 /* KWExampleGroupBuilder.m */ = {isa = PBXFileReference; fileEncoding = 4; lastKnownFileType = sourcecode.c.objc; path = KWExampleGroupBuilder.m; sourceTree = "<group>"; };
		A34CFCEA12DE985C003E9972 /* KWExampleNode.h */ = {isa = PBXFileReference; fileEncoding = 4; lastKnownFileType = sourcecode.c.h; path = KWExampleNode.h; sourceTree = "<group>"; };
		A34CFCEB12DE985C003E9972 /* KWExampleNodeVisitor.h */ = {isa = PBXFileReference; fileEncoding = 4; lastKnownFileType = sourcecode.c.h; path = KWExampleNodeVisitor.h; sourceTree = "<group>"; };
		A34CFCEC12DE985C003E9972 /* KWExistVerifier.h */ = {isa = PBXFileReference; fileEncoding = 4; lastKnownFileType = sourcecode.c.h; path = KWExistVerifier.h; sourceTree = "<group>"; };
		A34CFCED12DE985C003E9972 /* KWExistVerifier.m */ = {isa = PBXFileReference; fileEncoding = 4; lastKnownFileType = sourcecode.c.objc; path = KWExistVerifier.m; sourceTree = "<group>"; };
		A34CFCEE12DE985C003E9972 /* KWExpectationType.h */ = {isa = PBXFileReference; fileEncoding = 4; lastKnownFileType = sourcecode.c.h; path = KWExpectationType.h; sourceTree = "<group>"; };
		A34CFCEF12DE985C003E9972 /* KWFailure.h */ = {isa = PBXFileReference; fileEncoding = 4; lastKnownFileType = sourcecode.c.h; path = KWFailure.h; sourceTree = "<group>"; };
		A34CFCF012DE985C003E9972 /* KWFailure.m */ = {isa = PBXFileReference; fileEncoding = 4; lastKnownFileType = sourcecode.c.objc; path = KWFailure.m; sourceTree = "<group>"; };
		A34CFCF112DE985C003E9972 /* KWFormatter.h */ = {isa = PBXFileReference; fileEncoding = 4; lastKnownFileType = sourcecode.c.h; path = KWFormatter.h; sourceTree = "<group>"; };
		A34CFCF212DE985C003E9972 /* KWFormatter.m */ = {isa = PBXFileReference; fileEncoding = 4; lastKnownFileType = sourcecode.c.objc; path = KWFormatter.m; sourceTree = "<group>"; };
		A34CFCF312DE985C003E9972 /* KWHaveMatcher.h */ = {isa = PBXFileReference; fileEncoding = 4; lastKnownFileType = sourcecode.c.h; path = KWHaveMatcher.h; sourceTree = "<group>"; };
		A34CFCF412DE985C003E9972 /* KWHaveMatcher.m */ = {isa = PBXFileReference; fileEncoding = 4; lastKnownFileType = sourcecode.c.objc; path = KWHaveMatcher.m; sourceTree = "<group>"; };
		A34CFCF512DE985C003E9972 /* KWInequalityMatcher.h */ = {isa = PBXFileReference; fileEncoding = 4; lastKnownFileType = sourcecode.c.h; path = KWInequalityMatcher.h; sourceTree = "<group>"; };
		A34CFCF612DE985C003E9972 /* KWInequalityMatcher.m */ = {isa = PBXFileReference; fileEncoding = 4; lastKnownFileType = sourcecode.c.objc; path = KWInequalityMatcher.m; sourceTree = "<group>"; };
		A34CFCF712DE985C003E9972 /* KWIntercept.h */ = {isa = PBXFileReference; fileEncoding = 4; lastKnownFileType = sourcecode.c.h; path = KWIntercept.h; sourceTree = "<group>"; };
		A34CFCF812DE985C003E9972 /* KWIntercept.m */ = {isa = PBXFileReference; fileEncoding = 4; lastKnownFileType = sourcecode.c.objc; path = KWIntercept.m; sourceTree = "<group>"; };
		A34CFCF912DE985C003E9972 /* KWInvocationCapturer.h */ = {isa = PBXFileReference; fileEncoding = 4; lastKnownFileType = sourcecode.c.h; path = KWInvocationCapturer.h; sourceTree = "<group>"; };
		A34CFCFA12DE985C003E9972 /* KWInvocationCapturer.m */ = {isa = PBXFileReference; fileEncoding = 4; lastKnownFileType = sourcecode.c.objc; path = KWInvocationCapturer.m; sourceTree = "<group>"; };
		A34CFCFB12DE985C003E9972 /* KWItNode.h */ = {isa = PBXFileReference; fileEncoding = 4; lastKnownFileType = sourcecode.c.h; path = KWItNode.h; sourceTree = "<group>"; };
		A34CFCFC12DE985C003E9972 /* KWItNode.m */ = {isa = PBXFileReference; fileEncoding = 4; lastKnownFileType = sourcecode.c.objc; path = KWItNode.m; sourceTree = "<group>"; };
		A34CFCFD12DE985C003E9972 /* KWMatcher.h */ = {isa = PBXFileReference; fileEncoding = 4; lastKnownFileType = sourcecode.c.h; path = KWMatcher.h; sourceTree = "<group>"; };
		A34CFCFE12DE985C003E9972 /* KWMatcher.m */ = {isa = PBXFileReference; fileEncoding = 4; lastKnownFileType = sourcecode.c.objc; path = KWMatcher.m; sourceTree = "<group>"; };
		A34CFCFF12DE985C003E9972 /* KWMatcherFactory.h */ = {isa = PBXFileReference; fileEncoding = 4; lastKnownFileType = sourcecode.c.h; path = KWMatcherFactory.h; sourceTree = "<group>"; };
		A34CFD0012DE985C003E9972 /* KWMatcherFactory.m */ = {isa = PBXFileReference; fileEncoding = 4; lastKnownFileType = sourcecode.c.objc; path = KWMatcherFactory.m; sourceTree = "<group>"; };
		A34CFD0112DE985C003E9972 /* KWMatching.h */ = {isa = PBXFileReference; fileEncoding = 4; lastKnownFileType = sourcecode.c.h; path = KWMatching.h; sourceTree = "<group>"; };
		A34CFD0212DE985C003E9972 /* KWMatchVerifier.h */ = {isa = PBXFileReference; fileEncoding = 4; lastKnownFileType = sourcecode.c.h; path = KWMatchVerifier.h; sourceTree = "<group>"; };
		A34CFD0312DE985C003E9972 /* KWMatchVerifier.m */ = {isa = PBXFileReference; fileEncoding = 4; lastKnownFileType = sourcecode.c.objc; path = KWMatchVerifier.m; sourceTree = "<group>"; };
		A34CFD0412DE985C003E9972 /* KWMessagePattern.h */ = {isa = PBXFileReference; fileEncoding = 4; lastKnownFileType = sourcecode.c.h; path = KWMessagePattern.h; sourceTree = "<group>"; };
		A34CFD0512DE985C003E9972 /* KWMessagePattern.m */ = {isa = PBXFileReference; fileEncoding = 4; lastKnownFileType = sourcecode.c.objc; path = KWMessagePattern.m; sourceTree = "<group>"; };
		A34CFD0612DE985C003E9972 /* KWMessageSpying.h */ = {isa = PBXFileReference; fileEncoding = 4; lastKnownFileType = sourcecode.c.h; path = KWMessageSpying.h; sourceTree = "<group>"; };
		A34CFD0712DE985C003E9972 /* KWMessageTracker.h */ = {isa = PBXFileReference; fileEncoding = 4; lastKnownFileType = sourcecode.c.h; path = KWMessageTracker.h; sourceTree = "<group>"; };
		A34CFD0812DE985C003E9972 /* KWMessageTracker.m */ = {isa = PBXFileReference; fileEncoding = 4; lastKnownFileType = sourcecode.c.objc; path = KWMessageTracker.m; sourceTree = "<group>"; };
		A34CFD0912DE985C003E9972 /* KWMock.h */ = {isa = PBXFileReference; fileEncoding = 4; lastKnownFileType = sourcecode.c.h; path = KWMock.h; sourceTree = "<group>"; };
		A34CFD0A12DE985C003E9972 /* KWMock.m */ = {isa = PBXFileReference; fileEncoding = 4; lastKnownFileType = sourcecode.c.objc; path = KWMock.m; sourceTree = "<group>"; };
		A34CFD0B12DE985C003E9972 /* KWNull.h */ = {isa = PBXFileReference; fileEncoding = 4; lastKnownFileType = sourcecode.c.h; path = KWNull.h; sourceTree = "<group>"; };
		A34CFD0C12DE985C003E9972 /* KWNull.m */ = {isa = PBXFileReference; fileEncoding = 4; lastKnownFileType = sourcecode.c.objc; path = KWNull.m; sourceTree = "<group>"; };
		A34CFD0D12DE985C003E9972 /* KWObjCUtilities.h */ = {isa = PBXFileReference; fileEncoding = 4; lastKnownFileType = sourcecode.c.h; path = KWObjCUtilities.h; sourceTree = "<group>"; };
		A34CFD0E12DE985C003E9972 /* KWObjCUtilities.m */ = {isa = PBXFileReference; fileEncoding = 4; lastKnownFileType = sourcecode.c.objc; path = KWObjCUtilities.m; sourceTree = "<group>"; };
		A34CFD0F12DE985C003E9972 /* KWPendingNode.h */ = {isa = PBXFileReference; fileEncoding = 4; lastKnownFileType = sourcecode.c.h; path = KWPendingNode.h; sourceTree = "<group>"; };
		A34CFD1012DE985C003E9972 /* KWPendingNode.m */ = {isa = PBXFileReference; fileEncoding = 4; lastKnownFileType = sourcecode.c.objc; path = KWPendingNode.m; sourceTree = "<group>"; };
		A34CFD1112DE985C003E9972 /* KWRaiseMatcher.h */ = {isa = PBXFileReference; fileEncoding = 4; lastKnownFileType = sourcecode.c.h; path = KWRaiseMatcher.h; sourceTree = "<group>"; };
		A34CFD1212DE985C003E9972 /* KWRaiseMatcher.m */ = {isa = PBXFileReference; fileEncoding = 4; lastKnownFileType = sourcecode.c.objc; path = KWRaiseMatcher.m; sourceTree = "<group>"; };
		A34CFD1312DE985C003E9972 /* KWReceiveMatcher.h */ = {isa = PBXFileReference; fileEncoding = 4; lastKnownFileType = sourcecode.c.h; path = KWReceiveMatcher.h; sourceTree = "<group>"; };
		A34CFD1412DE985C003E9972 /* KWReceiveMatcher.m */ = {isa = PBXFileReference; fileEncoding = 4; lastKnownFileType = sourcecode.c.objc; path = KWReceiveMatcher.m; sourceTree = "<group>"; };
		A34CFD1512DE985C003E9972 /* KWRegisterMatchersNode.h */ = {isa = PBXFileReference; fileEncoding = 4; lastKnownFileType = sourcecode.c.h; path = KWRegisterMatchersNode.h; sourceTree = "<group>"; };
		A34CFD1612DE985C003E9972 /* KWRegisterMatchersNode.m */ = {isa = PBXFileReference; fileEncoding = 4; lastKnownFileType = sourcecode.c.objc; path = KWRegisterMatchersNode.m; sourceTree = "<group>"; };
		A34CFD1712DE985C003E9972 /* KWReporting.h */ = {isa = PBXFileReference; fileEncoding = 4; lastKnownFileType = sourcecode.c.h; path = KWReporting.h; sourceTree = "<group>"; };
		A34CFD1812DE985C003E9972 /* KWRespondToSelectorMatcher.h */ = {isa = PBXFileReference; fileEncoding = 4; lastKnownFileType = sourcecode.c.h; path = KWRespondToSelectorMatcher.h; sourceTree = "<group>"; };
		A34CFD1912DE985C003E9972 /* KWRespondToSelectorMatcher.m */ = {isa = PBXFileReference; fileEncoding = 4; lastKnownFileType = sourcecode.c.objc; path = KWRespondToSelectorMatcher.m; sourceTree = "<group>"; };
		A34CFD1A12DE985C003E9972 /* KWSpec.h */ = {isa = PBXFileReference; fileEncoding = 4; lastKnownFileType = sourcecode.c.h; path = KWSpec.h; sourceTree = "<group>"; };
		A34CFD1B12DE985C003E9972 /* KWSpec.m */ = {isa = PBXFileReference; fileEncoding = 4; lastKnownFileType = sourcecode.c.objc; path = KWSpec.m; sourceTree = "<group>"; };
		A34CFD1C12DE985C003E9972 /* KWStringUtilities.h */ = {isa = PBXFileReference; fileEncoding = 4; lastKnownFileType = sourcecode.c.h; path = KWStringUtilities.h; sourceTree = "<group>"; };
		A34CFD1D12DE985C003E9972 /* KWStringUtilities.m */ = {isa = PBXFileReference; fileEncoding = 4; lastKnownFileType = sourcecode.c.objc; path = KWStringUtilities.m; sourceTree = "<group>"; };
		A34CFD1E12DE985C003E9972 /* KWStub.h */ = {isa = PBXFileReference; fileEncoding = 4; lastKnownFileType = sourcecode.c.h; path = KWStub.h; sourceTree = "<group>"; };
		A34CFD1F12DE985C003E9972 /* KWStub.m */ = {isa = PBXFileReference; fileEncoding = 4; lastKnownFileType = sourcecode.c.objc; path = KWStub.m; sourceTree = "<group>"; };
		A34CFD2012DE985C003E9972 /* KWTestCase.h */ = {isa = PBXFileReference; fileEncoding = 4; lastKnownFileType = sourcecode.c.h; path = KWTestCase.h; sourceTree = "<group>"; };
		A34CFD2112DE985C003E9972 /* KWTestCase.m */ = {isa = PBXFileReference; fileEncoding = 4; lastKnownFileType = sourcecode.c.objc; path = KWTestCase.m; sourceTree = "<group>"; };
		A34CFD2212DE985C003E9972 /* KWValue.h */ = {isa = PBXFileReference; fileEncoding = 4; lastKnownFileType = sourcecode.c.h; path = KWValue.h; sourceTree = "<group>"; };
		A34CFD2312DE985C003E9972 /* KWValue.m */ = {isa = PBXFileReference; fileEncoding = 4; lastKnownFileType = sourcecode.c.objc; path = KWValue.m; sourceTree = "<group>"; };
		A34CFD2412DE985C003E9972 /* KWVerifying.h */ = {isa = PBXFileReference; fileEncoding = 4; lastKnownFileType = sourcecode.c.h; path = KWVerifying.h; sourceTree = "<group>"; };
		A34CFD2512DE985C003E9972 /* KWWorkarounds.h */ = {isa = PBXFileReference; fileEncoding = 4; lastKnownFileType = sourcecode.c.h; path = KWWorkarounds.h; sourceTree = "<group>"; };
		A34CFD2612DE985C003E9972 /* KWWorkarounds.m */ = {isa = PBXFileReference; fileEncoding = 4; lastKnownFileType = sourcecode.c.objc; path = KWWorkarounds.m; sourceTree = "<group>"; };
		A34CFD2712DE985C003E9972 /* NSInvocation+KiwiAdditions.h */ = {isa = PBXFileReference; fileEncoding = 4; lastKnownFileType = sourcecode.c.h; path = "NSInvocation+KiwiAdditions.h"; sourceTree = "<group>"; };
		A34CFD2812DE985C003E9972 /* NSInvocation+KiwiAdditions.m */ = {isa = PBXFileReference; fileEncoding = 4; lastKnownFileType = sourcecode.c.objc; path = "NSInvocation+KiwiAdditions.m"; sourceTree = "<group>"; };
		A34CFD2912DE985C003E9972 /* NSMethodSignature+KiwiAdditions.h */ = {isa = PBXFileReference; fileEncoding = 4; lastKnownFileType = sourcecode.c.h; path = "NSMethodSignature+KiwiAdditions.h"; sourceTree = "<group>"; };
		A34CFD2A12DE985C003E9972 /* NSMethodSignature+KiwiAdditions.m */ = {isa = PBXFileReference; fileEncoding = 4; lastKnownFileType = sourcecode.c.objc; path = "NSMethodSignature+KiwiAdditions.m"; sourceTree = "<group>"; };
		A34CFD2B12DE985C003E9972 /* NSNumber+KiwiAdditions.h */ = {isa = PBXFileReference; fileEncoding = 4; lastKnownFileType = sourcecode.c.h; path = "NSNumber+KiwiAdditions.h"; sourceTree = "<group>"; };
		A34CFD2C12DE985C003E9972 /* NSNumber+KiwiAdditions.m */ = {isa = PBXFileReference; fileEncoding = 4; lastKnownFileType = sourcecode.c.objc; path = "NSNumber+KiwiAdditions.m"; sourceTree = "<group>"; };
		A34CFD2D12DE985C003E9972 /* NSObject+KiwiMockAdditions.h */ = {isa = PBXFileReference; fileEncoding = 4; lastKnownFileType = sourcecode.c.h; path = "NSObject+KiwiMockAdditions.h"; sourceTree = "<group>"; };
		A34CFD2E12DE985C003E9972 /* NSObject+KiwiMockAdditions.m */ = {isa = PBXFileReference; fileEncoding = 4; lastKnownFileType = sourcecode.c.objc; path = "NSObject+KiwiMockAdditions.m"; sourceTree = "<group>"; };
		A34CFD2F12DE985C003E9972 /* NSObject+KiwiStubAdditions.h */ = {isa = PBXFileReference; fileEncoding = 4; lastKnownFileType = sourcecode.c.h; path = "NSObject+KiwiStubAdditions.h"; sourceTree = "<group>"; };
		A34CFD3012DE985C003E9972 /* NSObject+KiwiStubAdditions.m */ = {isa = PBXFileReference; fileEncoding = 4; lastKnownFileType = sourcecode.c.objc; path = "NSObject+KiwiStubAdditions.m"; sourceTree = "<group>"; };
		A34CFD3112DE985C003E9972 /* NSObject+KiwiVerifierAdditions.h */ = {isa = PBXFileReference; fileEncoding = 4; lastKnownFileType = sourcecode.c.h; path = "NSObject+KiwiVerifierAdditions.h"; sourceTree = "<group>"; };
		A34CFD3212DE985C003E9972 /* NSObject+KiwiVerifierAdditions.m */ = {isa = PBXFileReference; fileEncoding = 4; lastKnownFileType = sourcecode.c.objc; path = "NSObject+KiwiVerifierAdditions.m"; sourceTree = "<group>"; };
		A34CFD3312DE985C003E9972 /* NSValue+KiwiAdditions.h */ = {isa = PBXFileReference; fileEncoding = 4; lastKnownFileType = sourcecode.c.h; path = "NSValue+KiwiAdditions.h"; sourceTree = "<group>"; };
		A34CFD3412DE985C003E9972 /* NSValue+KiwiAdditions.m */ = {isa = PBXFileReference; fileEncoding = 4; lastKnownFileType = sourcecode.c.objc; path = "NSValue+KiwiAdditions.m"; sourceTree = "<group>"; };
		A34CFDA912DE9BB6003E9972 /* HCAllOf.h */ = {isa = PBXFileReference; fileEncoding = 4; lastKnownFileType = sourcecode.c.h; path = HCAllOf.h; sourceTree = "<group>"; };
		A34CFDAA12DE9BB6003E9972 /* HCAllOf.mm */ = {isa = PBXFileReference; fileEncoding = 4; lastKnownFileType = sourcecode.cpp.objcpp; path = HCAllOf.mm; sourceTree = "<group>"; };
		A34CFDAB12DE9BB6003E9972 /* HCAnyOf.h */ = {isa = PBXFileReference; fileEncoding = 4; lastKnownFileType = sourcecode.c.h; path = HCAnyOf.h; sourceTree = "<group>"; };
		A34CFDAC12DE9BB6003E9972 /* HCAnyOf.mm */ = {isa = PBXFileReference; fileEncoding = 4; lastKnownFileType = sourcecode.cpp.objcpp; path = HCAnyOf.mm; sourceTree = "<group>"; };
		A34CFDAD12DE9BB6003E9972 /* HCDescribedAs.h */ = {isa = PBXFileReference; fileEncoding = 4; lastKnownFileType = sourcecode.c.h; path = HCDescribedAs.h; sourceTree = "<group>"; };
		A34CFDAE12DE9BB6003E9972 /* HCDescribedAs.mm */ = {isa = PBXFileReference; fileEncoding = 4; lastKnownFileType = sourcecode.cpp.objcpp; path = HCDescribedAs.mm; sourceTree = "<group>"; };
		A34CFDAF12DE9BB6003E9972 /* HCIs.h */ = {isa = PBXFileReference; fileEncoding = 4; lastKnownFileType = sourcecode.c.h; path = HCIs.h; sourceTree = "<group>"; };
		A34CFDB012DE9BB6003E9972 /* HCIs.mm */ = {isa = PBXFileReference; fileEncoding = 4; lastKnownFileType = sourcecode.cpp.objcpp; path = HCIs.mm; sourceTree = "<group>"; };
		A34CFDB112DE9BB6003E9972 /* HCIsAnything.h */ = {isa = PBXFileReference; fileEncoding = 4; lastKnownFileType = sourcecode.c.h; path = HCIsAnything.h; sourceTree = "<group>"; };
		A34CFDB212DE9BB6003E9972 /* HCIsAnything.mm */ = {isa = PBXFileReference; fileEncoding = 4; lastKnownFileType = sourcecode.cpp.objcpp; path = HCIsAnything.mm; sourceTree = "<group>"; };
		A34CFDB312DE9BB6003E9972 /* HCIsEqual.h */ = {isa = PBXFileReference; fileEncoding = 4; lastKnownFileType = sourcecode.c.h; path = HCIsEqual.h; sourceTree = "<group>"; };
		A34CFDB412DE9BB6003E9972 /* HCIsEqual.mm */ = {isa = PBXFileReference; fileEncoding = 4; lastKnownFileType = sourcecode.cpp.objcpp; path = HCIsEqual.mm; sourceTree = "<group>"; };
		A34CFDB512DE9BB6003E9972 /* HCIsInstanceOf.h */ = {isa = PBXFileReference; fileEncoding = 4; lastKnownFileType = sourcecode.c.h; path = HCIsInstanceOf.h; sourceTree = "<group>"; };
		A34CFDB612DE9BB6003E9972 /* HCIsInstanceOf.mm */ = {isa = PBXFileReference; fileEncoding = 4; lastKnownFileType = sourcecode.cpp.objcpp; path = HCIsInstanceOf.mm; sourceTree = "<group>"; };
		A34CFDB712DE9BB6003E9972 /* HCIsNil.h */ = {isa = PBXFileReference; fileEncoding = 4; lastKnownFileType = sourcecode.c.h; path = HCIsNil.h; sourceTree = "<group>"; };
		A34CFDB812DE9BB6003E9972 /* HCIsNil.mm */ = {isa = PBXFileReference; fileEncoding = 4; lastKnownFileType = sourcecode.cpp.objcpp; path = HCIsNil.mm; sourceTree = "<group>"; };
		A34CFDB912DE9BB6003E9972 /* HCIsNot.h */ = {isa = PBXFileReference; fileEncoding = 4; lastKnownFileType = sourcecode.c.h; path = HCIsNot.h; sourceTree = "<group>"; };
		A34CFDBA12DE9BB6003E9972 /* HCIsNot.mm */ = {isa = PBXFileReference; fileEncoding = 4; lastKnownFileType = sourcecode.cpp.objcpp; path = HCIsNot.mm; sourceTree = "<group>"; };
		A34CFDBB12DE9BB6003E9972 /* HCIsSame.h */ = {isa = PBXFileReference; fileEncoding = 4; lastKnownFileType = sourcecode.c.h; path = HCIsSame.h; sourceTree = "<group>"; };
		A34CFDBC12DE9BB6003E9972 /* HCIsSame.mm */ = {isa = PBXFileReference; fileEncoding = 4; lastKnownFileType = sourcecode.cpp.objcpp; path = HCIsSame.mm; sourceTree = "<group>"; };
		A34CFDBD12DE9BB6003E9972 /* HCBaseDescription.h */ = {isa = PBXFileReference; fileEncoding = 4; lastKnownFileType = sourcecode.c.h; path = HCBaseDescription.h; sourceTree = "<group>"; };
		A34CFDBE12DE9BB6003E9972 /* HCBaseDescription.mm */ = {isa = PBXFileReference; fileEncoding = 4; lastKnownFileType = sourcecode.cpp.objcpp; path = HCBaseDescription.mm; sourceTree = "<group>"; };
		A34CFDBF12DE9BB6003E9972 /* HCBaseMatcher.h */ = {isa = PBXFileReference; fileEncoding = 4; lastKnownFileType = sourcecode.c.h; path = HCBaseMatcher.h; sourceTree = "<group>"; };
		A34CFDC012DE9BB6003E9972 /* HCBaseMatcher.mm */ = {isa = PBXFileReference; fileEncoding = 4; lastKnownFileType = sourcecode.cpp.objcpp; path = HCBaseMatcher.mm; sourceTree = "<group>"; };
		A34CFDC112DE9BB6003E9972 /* HCDescription.h */ = {isa = PBXFileReference; fileEncoding = 4; lastKnownFileType = sourcecode.c.h; path = HCDescription.h; sourceTree = "<group>"; };
		A34CFDC212DE9BB6003E9972 /* HCInvocationMatcher.h */ = {isa = PBXFileReference; fileEncoding = 4; lastKnownFileType = sourcecode.c.h; path = HCInvocationMatcher.h; sourceTree = "<group>"; };
		A34CFDC312DE9BB6003E9972 /* HCInvocationMatcher.mm */ = {isa = PBXFileReference; fileEncoding = 4; lastKnownFileType = sourcecode.cpp.objcpp; path = HCInvocationMatcher.mm; sourceTree = "<group>"; };
		A34CFDC412DE9BB6003E9972 /* HCMatcher.h */ = {isa = PBXFileReference; fileEncoding = 4; lastKnownFileType = sourcecode.c.h; path = HCMatcher.h; sourceTree = "<group>"; };
		A34CFDC512DE9BB6003E9972 /* HCMatcherAssert.h */ = {isa = PBXFileReference; fileEncoding = 4; lastKnownFileType = sourcecode.c.h; path = HCMatcherAssert.h; sourceTree = "<group>"; };
		A34CFDC612DE9BB6003E9972 /* HCMatcherAssert.mm */ = {isa = PBXFileReference; fileEncoding = 4; lastKnownFileType = sourcecode.cpp.objcpp; path = HCMatcherAssert.mm; sourceTree = "<group>"; };
		A34CFDC712DE9BB6003E9972 /* HCSelfDescribing.h */ = {isa = PBXFileReference; fileEncoding = 4; lastKnownFileType = sourcecode.c.h; path = HCSelfDescribing.h; sourceTree = "<group>"; };
		A34CFDC812DE9BB6003E9972 /* HCStringDescription.h */ = {isa = PBXFileReference; fileEncoding = 4; lastKnownFileType = sourcecode.c.h; path = HCStringDescription.h; sourceTree = "<group>"; };
		A34CFDC912DE9BB6003E9972 /* HCStringDescription.mm */ = {isa = PBXFileReference; fileEncoding = 4; lastKnownFileType = sourcecode.cpp.objcpp; path = HCStringDescription.mm; sourceTree = "<group>"; };
		A34CFDCA12DE9BB6003E9972 /* HCWrapInMatcher.h */ = {isa = PBXFileReference; fileEncoding = 4; lastKnownFileType = sourcecode.c.h; path = HCWrapInMatcher.h; sourceTree = "<group>"; };
		A34CFDCB12DE9BB6003E9972 /* HCWrapInMatcher.mm */ = {isa = PBXFileReference; fileEncoding = 4; lastKnownFileType = sourcecode.cpp.objcpp; path = HCWrapInMatcher.mm; sourceTree = "<group>"; };
		A34CFDCD12DE9BB6003E9972 /* HCCollectMatchers.h */ = {isa = PBXFileReference; fileEncoding = 4; lastKnownFileType = sourcecode.c.h; path = HCCollectMatchers.h; sourceTree = "<group>"; };
		A34CFDCE12DE9BB6003E9972 /* HCCollectMatchers.mm */ = {isa = PBXFileReference; fileEncoding = 4; lastKnownFileType = sourcecode.cpp.objcpp; path = HCCollectMatchers.mm; sourceTree = "<group>"; };
		A34CFDCF12DE9BB6003E9972 /* HCIntegerTypes.h */ = {isa = PBXFileReference; fileEncoding = 4; lastKnownFileType = sourcecode.c.h; path = HCIntegerTypes.h; sourceTree = "<group>"; };
		A34CFDD012DE9BB6003E9972 /* NSObject_HCSelfDescribingValue.h */ = {isa = PBXFileReference; fileEncoding = 4; lastKnownFileType = sourcecode.c.h; path = NSObject_HCSelfDescribingValue.h; sourceTree = "<group>"; };
		A34CFDD112DE9BB6003E9972 /* NSObject_HCSelfDescribingValue.mm */ = {isa = PBXFileReference; fileEncoding = 4; lastKnownFileType = sourcecode.cpp.objcpp; path = NSObject_HCSelfDescribingValue.mm; sourceTree = "<group>"; };
		A34CFDD412DE9BB6003E9972 /* HCIsCollectionContaining.h */ = {isa = PBXFileReference; fileEncoding = 4; lastKnownFileType = sourcecode.c.h; path = HCIsCollectionContaining.h; sourceTree = "<group>"; };
		A34CFDD512DE9BB6003E9972 /* HCIsCollectionContaining.mm */ = {isa = PBXFileReference; fileEncoding = 4; lastKnownFileType = sourcecode.cpp.objcpp; path = HCIsCollectionContaining.mm; sourceTree = "<group>"; };
		A34CFDD612DE9BB6003E9972 /* HCIsCollectionOnlyContaining.h */ = {isa = PBXFileReference; fileEncoding = 4; lastKnownFileType = sourcecode.c.h; path = HCIsCollectionOnlyContaining.h; sourceTree = "<group>"; };
		A34CFDD712DE9BB6003E9972 /* HCIsCollectionOnlyContaining.mm */ = {isa = PBXFileReference; fileEncoding = 4; lastKnownFileType = sourcecode.cpp.objcpp; path = HCIsCollectionOnlyContaining.mm; sourceTree = "<group>"; };
		A34CFDD812DE9BB6003E9972 /* HCIsDictionaryContaining.h */ = {isa = PBXFileReference; fileEncoding = 4; lastKnownFileType = sourcecode.c.h; path = HCIsDictionaryContaining.h; sourceTree = "<group>"; };
		A34CFDD912DE9BB6003E9972 /* HCIsDictionaryContaining.mm */ = {isa = PBXFileReference; fileEncoding = 4; lastKnownFileType = sourcecode.cpp.objcpp; path = HCIsDictionaryContaining.mm; sourceTree = "<group>"; };
		A34CFDDA12DE9BB6003E9972 /* HCIsDictionaryContainingKey.h */ = {isa = PBXFileReference; fileEncoding = 4; lastKnownFileType = sourcecode.c.h; path = HCIsDictionaryContainingKey.h; sourceTree = "<group>"; };
		A34CFDDB12DE9BB6003E9972 /* HCIsDictionaryContainingKey.mm */ = {isa = PBXFileReference; fileEncoding = 4; lastKnownFileType = sourcecode.cpp.objcpp; path = HCIsDictionaryContainingKey.mm; sourceTree = "<group>"; };
		A34CFDDC12DE9BB6003E9972 /* HCIsDictionaryContainingValue.h */ = {isa = PBXFileReference; fileEncoding = 4; lastKnownFileType = sourcecode.c.h; path = HCIsDictionaryContainingValue.h; sourceTree = "<group>"; };
		A34CFDDD12DE9BB6003E9972 /* HCIsDictionaryContainingValue.mm */ = {isa = PBXFileReference; fileEncoding = 4; lastKnownFileType = sourcecode.cpp.objcpp; path = HCIsDictionaryContainingValue.mm; sourceTree = "<group>"; };
		A34CFDDE12DE9BB6003E9972 /* HCIsIn.h */ = {isa = PBXFileReference; fileEncoding = 4; lastKnownFileType = sourcecode.c.h; path = HCIsIn.h; sourceTree = "<group>"; };
		A34CFDDF12DE9BB6003E9972 /* HCIsIn.mm */ = {isa = PBXFileReference; fileEncoding = 4; lastKnownFileType = sourcecode.cpp.objcpp; path = HCIsIn.mm; sourceTree = "<group>"; };
		A34CFDE112DE9BB6003E9972 /* HCBoxNumber.h */ = {isa = PBXFileReference; fileEncoding = 4; lastKnownFileType = sourcecode.c.h; path = HCBoxNumber.h; sourceTree = "<group>"; };
		A34CFDE212DE9BB6003E9972 /* HCIsCloseTo.h */ = {isa = PBXFileReference; fileEncoding = 4; lastKnownFileType = sourcecode.c.h; path = HCIsCloseTo.h; sourceTree = "<group>"; };
		A34CFDE312DE9BB6003E9972 /* HCIsCloseTo.mm */ = {isa = PBXFileReference; fileEncoding = 4; lastKnownFileType = sourcecode.cpp.objcpp; path = HCIsCloseTo.mm; sourceTree = "<group>"; };
		A34CFDE412DE9BB6003E9972 /* HCIsEqualToNumber.h */ = {isa = PBXFileReference; fileEncoding = 4; lastKnownFileType = sourcecode.c.h; path = HCIsEqualToNumber.h; sourceTree = "<group>"; };
		A34CFDE512DE9BB6003E9972 /* HCIsEqualToNumber.mm */ = {isa = PBXFileReference; fileEncoding = 4; lastKnownFileType = sourcecode.cpp.objcpp; path = HCIsEqualToNumber.mm; sourceTree = "<group>"; };
		A34CFDE612DE9BB6003E9972 /* HCNumberAssert.h */ = {isa = PBXFileReference; fileEncoding = 4; lastKnownFileType = sourcecode.c.h; path = HCNumberAssert.h; sourceTree = "<group>"; };
		A34CFDE712DE9BB6003E9972 /* HCNumberAssert.mm */ = {isa = PBXFileReference; fileEncoding = 4; lastKnownFileType = sourcecode.cpp.objcpp; path = HCNumberAssert.mm; sourceTree = "<group>"; };
		A34CFDE812DE9BB6003E9972 /* HCOrderingComparison.h */ = {isa = PBXFileReference; fileEncoding = 4; lastKnownFileType = sourcecode.c.h; path = HCOrderingComparison.h; sourceTree = "<group>"; };
		A34CFDE912DE9BB6003E9972 /* HCOrderingComparison.mm */ = {isa = PBXFileReference; fileEncoding = 4; lastKnownFileType = sourcecode.cpp.objcpp; path = HCOrderingComparison.mm; sourceTree = "<group>"; };
		A34CFDEB12DE9BB6003E9972 /* HCHasDescription.h */ = {isa = PBXFileReference; fileEncoding = 4; lastKnownFileType = sourcecode.c.h; path = HCHasDescription.h; sourceTree = "<group>"; };
		A34CFDEC12DE9BB6003E9972 /* HCHasDescription.mm */ = {isa = PBXFileReference; fileEncoding = 4; lastKnownFileType = sourcecode.cpp.objcpp; path = HCHasDescription.mm; sourceTree = "<group>"; };
		A34CFDEE12DE9BB6003E9972 /* HCIsEqualIgnoringCase.h */ = {isa = PBXFileReference; fileEncoding = 4; lastKnownFileType = sourcecode.c.h; path = HCIsEqualIgnoringCase.h; sourceTree = "<group>"; };
		A34CFDEF12DE9BB6003E9972 /* HCIsEqualIgnoringCase.mm */ = {isa = PBXFileReference; fileEncoding = 4; lastKnownFileType = sourcecode.cpp.objcpp; path = HCIsEqualIgnoringCase.mm; sourceTree = "<group>"; };
		A34CFDF012DE9BB6003E9972 /* HCIsEqualIgnoringWhiteSpace.h */ = {isa = PBXFileReference; fileEncoding = 4; lastKnownFileType = sourcecode.c.h; path = HCIsEqualIgnoringWhiteSpace.h; sourceTree = "<group>"; };
		A34CFDF112DE9BB6003E9972 /* HCIsEqualIgnoringWhiteSpace.mm */ = {isa = PBXFileReference; fileEncoding = 4; lastKnownFileType = sourcecode.cpp.objcpp; path = HCIsEqualIgnoringWhiteSpace.mm; sourceTree = "<group>"; };
		A34CFDF212DE9BB6003E9972 /* HCRequireNonNilString.h */ = {isa = PBXFileReference; fileEncoding = 4; lastKnownFileType = sourcecode.c.h; path = HCRequireNonNilString.h; sourceTree = "<group>"; };
		A34CFDF312DE9BB6003E9972 /* HCStringContains.h */ = {isa = PBXFileReference; fileEncoding = 4; lastKnownFileType = sourcecode.c.h; path = HCStringContains.h; sourceTree = "<group>"; };
		A34CFDF412DE9BB6003E9972 /* HCStringContains.mm */ = {isa = PBXFileReference; fileEncoding = 4; lastKnownFileType = sourcecode.cpp.objcpp; path = HCStringContains.mm; sourceTree = "<group>"; };
		A34CFDF512DE9BB6003E9972 /* HCStringEndsWith.h */ = {isa = PBXFileReference; fileEncoding = 4; lastKnownFileType = sourcecode.c.h; path = HCStringEndsWith.h; sourceTree = "<group>"; };
		A34CFDF612DE9BB6003E9972 /* HCStringEndsWith.mm */ = {isa = PBXFileReference; fileEncoding = 4; lastKnownFileType = sourcecode.cpp.objcpp; path = HCStringEndsWith.mm; sourceTree = "<group>"; };
		A34CFDF712DE9BB6003E9972 /* HCStringStartsWith.h */ = {isa = PBXFileReference; fileEncoding = 4; lastKnownFileType = sourcecode.c.h; path = HCStringStartsWith.h; sourceTree = "<group>"; };
		A34CFDF812DE9BB6003E9972 /* HCStringStartsWith.mm */ = {isa = PBXFileReference; fileEncoding = 4; lastKnownFileType = sourcecode.cpp.objcpp; path = HCStringStartsWith.mm; sourceTree = "<group>"; };
		A34CFDF912DE9BB6003E9972 /* HCSubstringMatcher.h */ = {isa = PBXFileReference; fileEncoding = 4; lastKnownFileType = sourcecode.c.h; path = HCSubstringMatcher.h; sourceTree = "<group>"; };
		A34CFDFA12DE9BB6003E9972 /* HCSubstringMatcher.mm */ = {isa = PBXFileReference; fileEncoding = 4; lastKnownFileType = sourcecode.cpp.objcpp; path = HCSubstringMatcher.mm; sourceTree = "<group>"; };
		A34CFE3912DE9CC6003E9972 /* mimicd */ = {isa = PBXFileReference; fileEncoding = 4; lastKnownFileType = text; path = mimicd; sourceTree = "<group>"; };
		A34CFE6012DEA000003E9972 /* OCHamcrest.h */ = {isa = PBXFileReference; fileEncoding = 4; lastKnownFileType = sourcecode.c.h; name = OCHamcrest.h; path = External/OCHamcrest/Source/OCHamcrest.h; sourceTree = "<group>"; };
		A34CFEAD12DEA453003E9972 /* MimicSpec.m */ = {isa = PBXFileReference; fileEncoding = 4; lastKnownFileType = sourcecode.c.objc; path = MimicSpec.m; sourceTree = "<group>"; };
		A34CFEC312DF34BD003E9972 /* MimicSpecWithWrapper.m */ = {isa = PBXFileReference; fileEncoding = 4; lastKnownFileType = sourcecode.c.objc; path = MimicSpecWithWrapper.m; sourceTree = "<group>"; };
		AA747D9E0F9514B9006C5449 /* MimicSpecDemo_Prefix.pch */ = {isa = PBXFileReference; fileEncoding = 4; lastKnownFileType = sourcecode.c.h; path = MimicSpecDemo_Prefix.pch; sourceTree = SOURCE_ROOT; };
		AACBBE490F95108600F1A2B1 /* Foundation.framework */ = {isa = PBXFileReference; lastKnownFileType = wrapper.framework; name = Foundation.framework; path = System/Library/Frameworks/Foundation.framework; sourceTree = SDKROOT; };
		D2AAC07E0554694100DB518D /* libMimicSpecDemo.a */ = {isa = PBXFileReference; explicitFileType = archive.ar; includeInIndex = 0; path = libMimicSpecDemo.a; sourceTree = BUILT_PRODUCTS_DIR; };
/* End PBXFileReference section */

/* Begin PBXFrameworksBuildPhase section */
		A34CFC8F12DE97AD003E9972 /* Frameworks */ = {
			isa = PBXFrameworksBuildPhase;
			buildActionMask = 2147483647;
			files = (
				A34CFCA312DE983E003E9972 /* LRResty.framework in Frameworks */,
			);
			runOnlyForDeploymentPostprocessing = 0;
		};
		D2AAC07C0554694100DB518D /* Frameworks */ = {
			isa = PBXFrameworksBuildPhase;
			buildActionMask = 2147483647;
			files = (
				AACBBE4A0F95108600F1A2B1 /* Foundation.framework in Frameworks */,
			);
			runOnlyForDeploymentPostprocessing = 0;
		};
/* End PBXFrameworksBuildPhase section */

/* Begin PBXGroup section */
		034768DFFF38A50411DB9C8B /* Products */ = {
			isa = PBXGroup;
			children = (
				D2AAC07E0554694100DB518D /* libMimicSpecDemo.a */,
				A34CFC9212DE97AD003E9972 /* Specs.octest */,
			);
			name = Products;
			sourceTree = "<group>";
		};
		0867D691FE84028FC02AAC07 /* MimicSpecDemo */ = {
			isa = PBXGroup;
			children = (
				A34CFEAC12DEA453003E9972 /* Specs */,
				A34CFCA112DE982B003E9972 /* External */,
				A34C001012DF4808003E9972 /* Classes */,
				32C88DFF0371C24200C91783 /* Other Sources */,
				0867D69AFE84028FC02AAC07 /* Frameworks */,
				034768DFFF38A50411DB9C8B /* Products */,
				A34CFE3812DE9CC6003E9972 /* Scripts */,
				A34CFC9312DE97AD003E9972 /* Specs-Info.plist */,
			);
			name = MimicSpecDemo;
			sourceTree = "<group>";
		};
		0867D69AFE84028FC02AAC07 /* Frameworks */ = {
			isa = PBXGroup;
			children = (
				A34CFCA212DE983E003E9972 /* LRResty.framework */,
				AACBBE490F95108600F1A2B1 /* Foundation.framework */,
			);
			name = Frameworks;
			sourceTree = "<group>";
		};
		32C88DFF0371C24200C91783 /* Other Sources */ = {
			isa = PBXGroup;
			children = (
				AA747D9E0F9514B9006C5449 /* MimicSpecDemo_Prefix.pch */,
			);
			name = "Other Sources";
			sourceTree = "<group>";
		};
		A34C001012DF4808003E9972 /* Classes */ = {
			isa = PBXGroup;
			children = (
				A34C001112DF4808003E9972 /* LRMimic.h */,
				A34C001212DF4808003E9972 /* LRMimic.m */,
			);
			path = Classes;
			sourceTree = "<group>";
		};
		A34CFCA112DE982B003E9972 /* External */ = {
			isa = PBXGroup;
			children = (
				A34C00CD12DF5405003E9972 /* AssertEventually.h */,
				A34C00CE12DF5405003E9972 /* AssertEventually.m */,
				A34CFDA312DE9B8F003E9972 /* Hamcrest */,
				A34CFCB712DE985C003E9972 /* Kiwi */,
			);
			name = External;
			sourceTree = "<group>";
		};
		A34CFCB712DE985C003E9972 /* Kiwi */ = {
			isa = PBXGroup;
			children = (
				A34CFCB812DE985C003E9972 /* Kiwi.h */,
				A34CFCB912DE985C003E9972 /* KiwiConfiguration.h */,
				A34CFCBA12DE985C003E9972 /* KiwiMacros.h */,
				A34CFCBB12DE985C003E9972 /* KWAfterAllNode.h */,
				A34CFCBC12DE985C003E9972 /* KWAfterAllNode.m */,
				A34CFCBD12DE985C003E9972 /* KWAfterEachNode.h */,
				A34CFCBE12DE985C003E9972 /* KWAfterEachNode.m */,
				A34CFCBF12DE985C003E9972 /* KWBeBetweenMatcher.h */,
				A34CFCC012DE985C003E9972 /* KWBeBetweenMatcher.m */,
				A34CFCC112DE985C003E9972 /* KWBeEmptyMatcher.h */,
				A34CFCC212DE985C003E9972 /* KWBeEmptyMatcher.m */,
				A34CFCC312DE985C003E9972 /* KWBeforeAllNode.h */,
				A34CFCC412DE985C003E9972 /* KWBeforeAllNode.m */,
				A34CFCC512DE985C003E9972 /* KWBeforeEachNode.h */,
				A34CFCC612DE985C003E9972 /* KWBeforeEachNode.m */,
				A34CFCC712DE985C003E9972 /* KWBeIdenticalToMatcher.h */,
				A34CFCC812DE985C003E9972 /* KWBeIdenticalToMatcher.m */,
				A34CFCC912DE985C003E9972 /* KWBeKindOfClassMatcher.h */,
				A34CFCCA12DE985C003E9972 /* KWBeKindOfClassMatcher.m */,
				A34CFCCB12DE985C003E9972 /* KWBeMemberOfClassMatcher.h */,
				A34CFCCC12DE985C003E9972 /* KWBeMemberOfClassMatcher.m */,
				A34CFCCD12DE985C003E9972 /* KWBeTrueMatcher.h */,
				A34CFCCE12DE985C003E9972 /* KWBeTrueMatcher.m */,
				A34CFCCF12DE985C003E9972 /* KWBeWithinMatcher.h */,
				A34CFCD012DE985C003E9972 /* KWBeWithinMatcher.m */,
				A34CFCD112DE985C003E9972 /* KWBeZeroMatcher.h */,
				A34CFCD212DE985C003E9972 /* KWBeZeroMatcher.m */,
				A34CFCD312DE985C003E9972 /* KWBlock.h */,
				A34CFCD412DE985C003E9972 /* KWBlock.m */,
				A34CFCD512DE985C003E9972 /* KWBlockNode.h */,
				A34CFCD612DE985C003E9972 /* KWBlockNode.m */,
				A34CFCD712DE985C003E9972 /* KWBlockRaiseMatcher.h */,
				A34CFCD812DE985C003E9972 /* KWBlockRaiseMatcher.m */,
				A34CFCD912DE985C003E9972 /* KWCallSite.h */,
				A34CFCDA12DE985C003E9972 /* KWCallSite.m */,
				A34CFCDB12DE985C003E9972 /* KWConformToProtocolMatcher.h */,
				A34CFCDC12DE985C003E9972 /* KWConformToProtocolMatcher.m */,
				A34CFCDD12DE985C003E9972 /* KWContainMatcher.h */,
				A34CFCDE12DE985C003E9972 /* KWContainMatcher.m */,
				A34CFCDF12DE985C003E9972 /* KWContextNode.h */,
				A34CFCE012DE985C003E9972 /* KWContextNode.m */,
				A34CFCE112DE985C003E9972 /* KWCountType.h */,
				A34CFCE212DE985C003E9972 /* KWDeviceInfo.h */,
				A34CFCE312DE985C003E9972 /* KWDeviceInfo.m */,
				A34CFCE412DE985C003E9972 /* KWEqualMatcher.h */,
				A34CFCE512DE985C003E9972 /* KWEqualMatcher.m */,
				A34CFCE612DE985C003E9972 /* KWExampleGroup.h */,
				A34CFCE712DE985C003E9972 /* KWExampleGroup.m */,
				A34CFCE812DE985C003E9972 /* KWExampleGroupBuilder.h */,
				A34CFCE912DE985C003E9972 /* KWExampleGroupBuilder.m */,
				A34CFCEA12DE985C003E9972 /* KWExampleNode.h */,
				A34CFCEB12DE985C003E9972 /* KWExampleNodeVisitor.h */,
				A34CFCEC12DE985C003E9972 /* KWExistVerifier.h */,
				A34CFCED12DE985C003E9972 /* KWExistVerifier.m */,
				A34CFCEE12DE985C003E9972 /* KWExpectationType.h */,
				A34CFCEF12DE985C003E9972 /* KWFailure.h */,
				A34CFCF012DE985C003E9972 /* KWFailure.m */,
				A34CFCF112DE985C003E9972 /* KWFormatter.h */,
				A34CFCF212DE985C003E9972 /* KWFormatter.m */,
				A34CFCF312DE985C003E9972 /* KWHaveMatcher.h */,
				A34CFCF412DE985C003E9972 /* KWHaveMatcher.m */,
				A34CFCF512DE985C003E9972 /* KWInequalityMatcher.h */,
				A34CFCF612DE985C003E9972 /* KWInequalityMatcher.m */,
				A34CFCF712DE985C003E9972 /* KWIntercept.h */,
				A34CFCF812DE985C003E9972 /* KWIntercept.m */,
				A34CFCF912DE985C003E9972 /* KWInvocationCapturer.h */,
				A34CFCFA12DE985C003E9972 /* KWInvocationCapturer.m */,
				A34CFCFB12DE985C003E9972 /* KWItNode.h */,
				A34CFCFC12DE985C003E9972 /* KWItNode.m */,
				A34CFCFD12DE985C003E9972 /* KWMatcher.h */,
				A34CFCFE12DE985C003E9972 /* KWMatcher.m */,
				A34CFCFF12DE985C003E9972 /* KWMatcherFactory.h */,
				A34CFD0012DE985C003E9972 /* KWMatcherFactory.m */,
				A34CFD0112DE985C003E9972 /* KWMatching.h */,
				A34CFD0212DE985C003E9972 /* KWMatchVerifier.h */,
				A34CFD0312DE985C003E9972 /* KWMatchVerifier.m */,
				A34CFD0412DE985C003E9972 /* KWMessagePattern.h */,
				A34CFD0512DE985C003E9972 /* KWMessagePattern.m */,
				A34CFD0612DE985C003E9972 /* KWMessageSpying.h */,
				A34CFD0712DE985C003E9972 /* KWMessageTracker.h */,
				A34CFD0812DE985C003E9972 /* KWMessageTracker.m */,
				A34CFD0912DE985C003E9972 /* KWMock.h */,
				A34CFD0A12DE985C003E9972 /* KWMock.m */,
				A34CFD0B12DE985C003E9972 /* KWNull.h */,
				A34CFD0C12DE985C003E9972 /* KWNull.m */,
				A34CFD0D12DE985C003E9972 /* KWObjCUtilities.h */,
				A34CFD0E12DE985C003E9972 /* KWObjCUtilities.m */,
				A34CFD0F12DE985C003E9972 /* KWPendingNode.h */,
				A34CFD1012DE985C003E9972 /* KWPendingNode.m */,
				A34CFD1112DE985C003E9972 /* KWRaiseMatcher.h */,
				A34CFD1212DE985C003E9972 /* KWRaiseMatcher.m */,
				A34CFD1312DE985C003E9972 /* KWReceiveMatcher.h */,
				A34CFD1412DE985C003E9972 /* KWReceiveMatcher.m */,
				A34CFD1512DE985C003E9972 /* KWRegisterMatchersNode.h */,
				A34CFD1612DE985C003E9972 /* KWRegisterMatchersNode.m */,
				A34CFD1712DE985C003E9972 /* KWReporting.h */,
				A34CFD1812DE985C003E9972 /* KWRespondToSelectorMatcher.h */,
				A34CFD1912DE985C003E9972 /* KWRespondToSelectorMatcher.m */,
				A34CFD1A12DE985C003E9972 /* KWSpec.h */,
				A34CFD1B12DE985C003E9972 /* KWSpec.m */,
				A34CFD1C12DE985C003E9972 /* KWStringUtilities.h */,
				A34CFD1D12DE985C003E9972 /* KWStringUtilities.m */,
				A34CFD1E12DE985C003E9972 /* KWStub.h */,
				A34CFD1F12DE985C003E9972 /* KWStub.m */,
				A34CFD2012DE985C003E9972 /* KWTestCase.h */,
				A34CFD2112DE985C003E9972 /* KWTestCase.m */,
				A34CFD2212DE985C003E9972 /* KWValue.h */,
				A34CFD2312DE985C003E9972 /* KWValue.m */,
				A34CFD2412DE985C003E9972 /* KWVerifying.h */,
				A34CFD2512DE985C003E9972 /* KWWorkarounds.h */,
				A34CFD2612DE985C003E9972 /* KWWorkarounds.m */,
				A34CFD2712DE985C003E9972 /* NSInvocation+KiwiAdditions.h */,
				A34CFD2812DE985C003E9972 /* NSInvocation+KiwiAdditions.m */,
				A34CFD2912DE985C003E9972 /* NSMethodSignature+KiwiAdditions.h */,
				A34CFD2A12DE985C003E9972 /* NSMethodSignature+KiwiAdditions.m */,
				A34CFD2B12DE985C003E9972 /* NSNumber+KiwiAdditions.h */,
				A34CFD2C12DE985C003E9972 /* NSNumber+KiwiAdditions.m */,
				A34CFD2D12DE985C003E9972 /* NSObject+KiwiMockAdditions.h */,
				A34CFD2E12DE985C003E9972 /* NSObject+KiwiMockAdditions.m */,
				A34CFD2F12DE985C003E9972 /* NSObject+KiwiStubAdditions.h */,
				A34CFD3012DE985C003E9972 /* NSObject+KiwiStubAdditions.m */,
				A34CFD3112DE985C003E9972 /* NSObject+KiwiVerifierAdditions.h */,
				A34CFD3212DE985C003E9972 /* NSObject+KiwiVerifierAdditions.m */,
				A34CFD3312DE985C003E9972 /* NSValue+KiwiAdditions.h */,
				A34CFD3412DE985C003E9972 /* NSValue+KiwiAdditions.m */,
			);
			name = Kiwi;
			path = External/Kiwi/Kiwi;
			sourceTree = "<group>";
		};
		A34CFDA312DE9B8F003E9972 /* Hamcrest */ = {
			isa = PBXGroup;
			children = (
				A34CFE6012DEA000003E9972 /* OCHamcrest.h */,
				A34CFDA712DE9BB6003E9972 /* Core */,
				A34CFDD212DE9BB6003E9972 /* Library */,
			);
			name = Hamcrest;
			sourceTree = "<group>";
		};
		A34CFDA712DE9BB6003E9972 /* Core */ = {
			isa = PBXGroup;
			children = (
				A34CFDA812DE9BB6003E9972 /* Core */,
				A34CFDBD12DE9BB6003E9972 /* HCBaseDescription.h */,
				A34CFDBE12DE9BB6003E9972 /* HCBaseDescription.mm */,
				A34CFDBF12DE9BB6003E9972 /* HCBaseMatcher.h */,
				A34CFDC012DE9BB6003E9972 /* HCBaseMatcher.mm */,
				A34CFDC112DE9BB6003E9972 /* HCDescription.h */,
				A34CFDC212DE9BB6003E9972 /* HCInvocationMatcher.h */,
				A34CFDC312DE9BB6003E9972 /* HCInvocationMatcher.mm */,
				A34CFDC412DE9BB6003E9972 /* HCMatcher.h */,
				A34CFDC512DE9BB6003E9972 /* HCMatcherAssert.h */,
				A34CFDC612DE9BB6003E9972 /* HCMatcherAssert.mm */,
				A34CFDC712DE9BB6003E9972 /* HCSelfDescribing.h */,
				A34CFDC812DE9BB6003E9972 /* HCStringDescription.h */,
				A34CFDC912DE9BB6003E9972 /* HCStringDescription.mm */,
				A34CFDCA12DE9BB6003E9972 /* HCWrapInMatcher.h */,
				A34CFDCB12DE9BB6003E9972 /* HCWrapInMatcher.mm */,
				A34CFDCC12DE9BB6003E9972 /* Internal */,
			);
			name = Core;
			path = External/OCHamcrest/Source/Core;
			sourceTree = "<group>";
		};
		A34CFDA812DE9BB6003E9972 /* Core */ = {
			isa = PBXGroup;
			children = (
				A34CFDA912DE9BB6003E9972 /* HCAllOf.h */,
				A34CFDAA12DE9BB6003E9972 /* HCAllOf.mm */,
				A34CFDAB12DE9BB6003E9972 /* HCAnyOf.h */,
				A34CFDAC12DE9BB6003E9972 /* HCAnyOf.mm */,
				A34CFDAD12DE9BB6003E9972 /* HCDescribedAs.h */,
				A34CFDAE12DE9BB6003E9972 /* HCDescribedAs.mm */,
				A34CFDAF12DE9BB6003E9972 /* HCIs.h */,
				A34CFDB012DE9BB6003E9972 /* HCIs.mm */,
				A34CFDB112DE9BB6003E9972 /* HCIsAnything.h */,
				A34CFDB212DE9BB6003E9972 /* HCIsAnything.mm */,
				A34CFDB312DE9BB6003E9972 /* HCIsEqual.h */,
				A34CFDB412DE9BB6003E9972 /* HCIsEqual.mm */,
				A34CFDB512DE9BB6003E9972 /* HCIsInstanceOf.h */,
				A34CFDB612DE9BB6003E9972 /* HCIsInstanceOf.mm */,
				A34CFDB712DE9BB6003E9972 /* HCIsNil.h */,
				A34CFDB812DE9BB6003E9972 /* HCIsNil.mm */,
				A34CFDB912DE9BB6003E9972 /* HCIsNot.h */,
				A34CFDBA12DE9BB6003E9972 /* HCIsNot.mm */,
				A34CFDBB12DE9BB6003E9972 /* HCIsSame.h */,
				A34CFDBC12DE9BB6003E9972 /* HCIsSame.mm */,
			);
			path = Core;
			sourceTree = "<group>";
		};
		A34CFDCC12DE9BB6003E9972 /* Internal */ = {
			isa = PBXGroup;
			children = (
				A34CFDCD12DE9BB6003E9972 /* HCCollectMatchers.h */,
				A34CFDCE12DE9BB6003E9972 /* HCCollectMatchers.mm */,
				A34CFDCF12DE9BB6003E9972 /* HCIntegerTypes.h */,
				A34CFDD012DE9BB6003E9972 /* NSObject_HCSelfDescribingValue.h */,
				A34CFDD112DE9BB6003E9972 /* NSObject_HCSelfDescribingValue.mm */,
			);
			path = Internal;
			sourceTree = "<group>";
		};
		A34CFDD212DE9BB6003E9972 /* Library */ = {
			isa = PBXGroup;
			children = (
				A34CFDD312DE9BB6003E9972 /* Collection */,
				A34CFDE012DE9BB6003E9972 /* Number */,
				A34CFDEA12DE9BB6003E9972 /* Object */,
				A34CFDED12DE9BB6003E9972 /* Text */,
			);
			name = Library;
			path = External/OCHamcrest/Source/Library;
			sourceTree = "<group>";
		};
		A34CFDD312DE9BB6003E9972 /* Collection */ = {
			isa = PBXGroup;
			children = (
				A34CFDD412DE9BB6003E9972 /* HCIsCollectionContaining.h */,
				A34CFDD512DE9BB6003E9972 /* HCIsCollectionContaining.mm */,
				A34CFDD612DE9BB6003E9972 /* HCIsCollectionOnlyContaining.h */,
				A34CFDD712DE9BB6003E9972 /* HCIsCollectionOnlyContaining.mm */,
				A34CFDD812DE9BB6003E9972 /* HCIsDictionaryContaining.h */,
				A34CFDD912DE9BB6003E9972 /* HCIsDictionaryContaining.mm */,
				A34CFDDA12DE9BB6003E9972 /* HCIsDictionaryContainingKey.h */,
				A34CFDDB12DE9BB6003E9972 /* HCIsDictionaryContainingKey.mm */,
				A34CFDDC12DE9BB6003E9972 /* HCIsDictionaryContainingValue.h */,
				A34CFDDD12DE9BB6003E9972 /* HCIsDictionaryContainingValue.mm */,
				A34CFDDE12DE9BB6003E9972 /* HCIsIn.h */,
				A34CFDDF12DE9BB6003E9972 /* HCIsIn.mm */,
			);
			path = Collection;
			sourceTree = "<group>";
		};
		A34CFDE012DE9BB6003E9972 /* Number */ = {
			isa = PBXGroup;
			children = (
				A34CFDE112DE9BB6003E9972 /* HCBoxNumber.h */,
				A34CFDE212DE9BB6003E9972 /* HCIsCloseTo.h */,
				A34CFDE312DE9BB6003E9972 /* HCIsCloseTo.mm */,
				A34CFDE412DE9BB6003E9972 /* HCIsEqualToNumber.h */,
				A34CFDE512DE9BB6003E9972 /* HCIsEqualToNumber.mm */,
				A34CFDE612DE9BB6003E9972 /* HCNumberAssert.h */,
				A34CFDE712DE9BB6003E9972 /* HCNumberAssert.mm */,
				A34CFDE812DE9BB6003E9972 /* HCOrderingComparison.h */,
				A34CFDE912DE9BB6003E9972 /* HCOrderingComparison.mm */,
			);
			path = Number;
			sourceTree = "<group>";
		};
		A34CFDEA12DE9BB6003E9972 /* Object */ = {
			isa = PBXGroup;
			children = (
				A34CFDEB12DE9BB6003E9972 /* HCHasDescription.h */,
				A34CFDEC12DE9BB6003E9972 /* HCHasDescription.mm */,
			);
			path = Object;
			sourceTree = "<group>";
		};
		A34CFDED12DE9BB6003E9972 /* Text */ = {
			isa = PBXGroup;
			children = (
				A34CFDEE12DE9BB6003E9972 /* HCIsEqualIgnoringCase.h */,
				A34CFDEF12DE9BB6003E9972 /* HCIsEqualIgnoringCase.mm */,
				A34CFDF012DE9BB6003E9972 /* HCIsEqualIgnoringWhiteSpace.h */,
				A34CFDF112DE9BB6003E9972 /* HCIsEqualIgnoringWhiteSpace.mm */,
				A34CFDF212DE9BB6003E9972 /* HCRequireNonNilString.h */,
				A34CFDF312DE9BB6003E9972 /* HCStringContains.h */,
				A34CFDF412DE9BB6003E9972 /* HCStringContains.mm */,
				A34CFDF512DE9BB6003E9972 /* HCStringEndsWith.h */,
				A34CFDF612DE9BB6003E9972 /* HCStringEndsWith.mm */,
				A34CFDF712DE9BB6003E9972 /* HCStringStartsWith.h */,
				A34CFDF812DE9BB6003E9972 /* HCStringStartsWith.mm */,
				A34CFDF912DE9BB6003E9972 /* HCSubstringMatcher.h */,
				A34CFDFA12DE9BB6003E9972 /* HCSubstringMatcher.mm */,
			);
			path = Text;
			sourceTree = "<group>";
		};
		A34CFE3812DE9CC6003E9972 /* Scripts */ = {
			isa = PBXGroup;
			children = (
				A34CFE3912DE9CC6003E9972 /* mimicd */,
			);
			path = Scripts;
			sourceTree = "<group>";
		};
		A34CFEAC12DEA453003E9972 /* Specs */ = {
			isa = PBXGroup;
			children = (
				A34CFEAD12DEA453003E9972 /* MimicSpec.m */,
				A34CFEC312DF34BD003E9972 /* MimicSpecWithWrapper.m */,
			);
			path = Specs;
			sourceTree = "<group>";
		};
/* End PBXGroup section */

/* Begin PBXHeadersBuildPhase section */
		D2AAC07A0554694100DB518D /* Headers */ = {
			isa = PBXHeadersBuildPhase;
			buildActionMask = 2147483647;
			files = (
				AA747D9F0F9514B9006C5449 /* MimicSpecDemo_Prefix.pch in Headers */,
			);
			runOnlyForDeploymentPostprocessing = 0;
		};
/* End PBXHeadersBuildPhase section */

/* Begin PBXNativeTarget section */
		A34CFC9112DE97AD003E9972 /* Specs */ = {
			isa = PBXNativeTarget;
			buildConfigurationList = A34CFC9612DE97AD003E9972 /* Build configuration list for PBXNativeTarget "Specs" */;
			buildPhases = (
				A34CFE3612DE9C8F003E9972 /* Start Mimic Daemon */,
				A34CFC8D12DE97AD003E9972 /* Resources */,
				A34CFC8E12DE97AD003E9972 /* Sources */,
				A34CFC8F12DE97AD003E9972 /* Frameworks */,
				A34CFC9012DE97AD003E9972 /* ShellScript */,
				A34CFE3C12DE9CE8003E9972 /* Stop Mimic Daemon */,
			);
			buildRules = (
			);
			dependencies = (
			);
			name = Specs;
			productName = Specs;
			productReference = A34CFC9212DE97AD003E9972 /* Specs.octest */;
			productType = "com.apple.product-type.bundle";
		};
		D2AAC07D0554694100DB518D /* MimicSpecDemo */ = {
			isa = PBXNativeTarget;
			buildConfigurationList = 1DEB921E08733DC00010E9CD /* Build configuration list for PBXNativeTarget "MimicSpecDemo" */;
			buildPhases = (
				D2AAC07A0554694100DB518D /* Headers */,
				D2AAC07B0554694100DB518D /* Sources */,
				D2AAC07C0554694100DB518D /* Frameworks */,
			);
			buildRules = (
			);
			dependencies = (
			);
			name = MimicSpecDemo;
			productName = MimicSpecDemo;
			productReference = D2AAC07E0554694100DB518D /* libMimicSpecDemo.a */;
			productType = "com.apple.product-type.library.static";
		};
/* End PBXNativeTarget section */

/* Begin PBXProject section */
		0867D690FE84028FC02AAC07 /* Project object */ = {
			isa = PBXProject;
			buildConfigurationList = 1DEB922208733DC00010E9CD /* Build configuration list for PBXProject "MimicSpecDemo" */;
			compatibilityVersion = "Xcode 3.1";
			developmentRegion = English;
			hasScannedForEncodings = 1;
			knownRegions = (
				English,
				Japanese,
				French,
				German,
			);
			mainGroup = 0867D691FE84028FC02AAC07 /* MimicSpecDemo */;
			productRefGroup = 034768DFFF38A50411DB9C8B /* Products */;
			projectDirPath = "";
			projectRoot = "";
			targets = (
				D2AAC07D0554694100DB518D /* MimicSpecDemo */,
				A34CFC9112DE97AD003E9972 /* Specs */,
			);
		};
/* End PBXProject section */

/* Begin PBXResourcesBuildPhase section */
		A34CFC8D12DE97AD003E9972 /* Resources */ = {
			isa = PBXResourcesBuildPhase;
			buildActionMask = 2147483647;
			files = (
				A34CFE3A12DE9CC6003E9972 /* mimicd in Resources */,
			);
			runOnlyForDeploymentPostprocessing = 0;
		};
/* End PBXResourcesBuildPhase section */

/* Begin PBXShellScriptBuildPhase section */
		A34CFC9012DE97AD003E9972 /* ShellScript */ = {
			isa = PBXShellScriptBuildPhase;
			buildActionMask = 2147483647;
			files = (
			);
			inputPaths = (
			);
			outputPaths = (
			);
			runOnlyForDeploymentPostprocessing = 0;
			shellPath = /bin/sh;
			shellScript = "# Run the unit tests in this test bundle.\n\"${SYSTEM_DEVELOPER_DIR}/Tools/RunUnitTests\"\n";
		};
		A34CFE3612DE9C8F003E9972 /* Start Mimic Daemon */ = {
			isa = PBXShellScriptBuildPhase;
			buildActionMask = 2147483647;
			files = (
			);
			inputPaths = (
			);
			name = "Start Mimic Daemon";
			outputPaths = (
			);
			runOnlyForDeploymentPostprocessing = 0;
			shellPath = /bin/bash;
			shellScript = "source ~/.profile && bundle exec ./Scripts/mimicd start";
			showEnvVarsInLog = 0;
		};
		A34CFE3C12DE9CE8003E9972 /* Stop Mimic Daemon */ = {
			isa = PBXShellScriptBuildPhase;
			buildActionMask = 2147483647;
			files = (
			);
			inputPaths = (
			);
			name = "Stop Mimic Daemon";
			outputPaths = (
			);
			runOnlyForDeploymentPostprocessing = 0;
			shellPath = /bin/sh;
			shellScript = "source ~/.profile && bundle exec ./Scripts/mimicd stop";
			showEnvVarsInLog = 0;
		};
/* End PBXShellScriptBuildPhase section */

/* Begin PBXSourcesBuildPhase section */
		A34CFC8E12DE97AD003E9972 /* Sources */ = {
			isa = PBXSourcesBuildPhase;
			buildActionMask = 2147483647;
			files = (
				A34CFD3512DE985C003E9972 /* KWAfterAllNode.m in Sources */,
				A34CFD3612DE985C003E9972 /* KWAfterEachNode.m in Sources */,
				A34CFD3712DE985C003E9972 /* KWBeBetweenMatcher.m in Sources */,
				A34CFD3812DE985C003E9972 /* KWBeEmptyMatcher.m in Sources */,
				A34CFD3912DE985C003E9972 /* KWBeforeAllNode.m in Sources */,
				A34CFD3A12DE985C003E9972 /* KWBeforeEachNode.m in Sources */,
				A34CFD3B12DE985C003E9972 /* KWBeIdenticalToMatcher.m in Sources */,
				A34CFD3C12DE985C003E9972 /* KWBeKindOfClassMatcher.m in Sources */,
				A34CFD3D12DE985C003E9972 /* KWBeMemberOfClassMatcher.m in Sources */,
				A34CFD3E12DE985C003E9972 /* KWBeTrueMatcher.m in Sources */,
				A34CFD3F12DE985C003E9972 /* KWBeWithinMatcher.m in Sources */,
				A34CFD4012DE985C003E9972 /* KWBeZeroMatcher.m in Sources */,
				A34CFD4112DE985C003E9972 /* KWBlock.m in Sources */,
				A34CFD4212DE985C003E9972 /* KWBlockNode.m in Sources */,
				A34CFD4312DE985C003E9972 /* KWBlockRaiseMatcher.m in Sources */,
				A34CFD4412DE985C003E9972 /* KWCallSite.m in Sources */,
				A34CFD4512DE985C003E9972 /* KWConformToProtocolMatcher.m in Sources */,
				A34CFD4612DE985C003E9972 /* KWContainMatcher.m in Sources */,
				A34CFD4712DE985C003E9972 /* KWContextNode.m in Sources */,
				A34CFD4812DE985C003E9972 /* KWDeviceInfo.m in Sources */,
				A34CFD4912DE985C003E9972 /* KWEqualMatcher.m in Sources */,
				A34CFD4A12DE985C003E9972 /* KWExampleGroup.m in Sources */,
				A34CFD4B12DE985C003E9972 /* KWExampleGroupBuilder.m in Sources */,
				A34CFD4C12DE985C003E9972 /* KWExistVerifier.m in Sources */,
				A34CFD4D12DE985C003E9972 /* KWFailure.m in Sources */,
				A34CFD4E12DE985C003E9972 /* KWFormatter.m in Sources */,
				A34CFD4F12DE985C003E9972 /* KWHaveMatcher.m in Sources */,
				A34CFD5012DE985C003E9972 /* KWInequalityMatcher.m in Sources */,
				A34CFD5112DE985C003E9972 /* KWIntercept.m in Sources */,
				A34CFD5212DE985C003E9972 /* KWInvocationCapturer.m in Sources */,
				A34CFD5312DE985C003E9972 /* KWItNode.m in Sources */,
				A34CFD5412DE985C003E9972 /* KWMatcher.m in Sources */,
				A34CFD5512DE985C003E9972 /* KWMatcherFactory.m in Sources */,
				A34CFD5612DE985C003E9972 /* KWMatchVerifier.m in Sources */,
				A34CFD5712DE985C003E9972 /* KWMessagePattern.m in Sources */,
				A34CFD5812DE985C003E9972 /* KWMessageTracker.m in Sources */,
				A34CFD5912DE985C003E9972 /* KWMock.m in Sources */,
				A34CFD5A12DE985C003E9972 /* KWNull.m in Sources */,
				A34CFD5B12DE985C003E9972 /* KWObjCUtilities.m in Sources */,
				A34CFD5C12DE985C003E9972 /* KWPendingNode.m in Sources */,
				A34CFD5D12DE985C003E9972 /* KWRaiseMatcher.m in Sources */,
				A34CFD5E12DE985C003E9972 /* KWReceiveMatcher.m in Sources */,
				A34CFD5F12DE985C003E9972 /* KWRegisterMatchersNode.m in Sources */,
				A34CFD6012DE985C003E9972 /* KWRespondToSelectorMatcher.m in Sources */,
				A34CFD6112DE985C003E9972 /* KWSpec.m in Sources */,
				A34CFD6212DE985C003E9972 /* KWStringUtilities.m in Sources */,
				A34CFD6312DE985C003E9972 /* KWStub.m in Sources */,
				A34CFD6412DE985C003E9972 /* KWTestCase.m in Sources */,
				A34CFD6512DE985C003E9972 /* KWValue.m in Sources */,
				A34CFD6612DE985C003E9972 /* KWWorkarounds.m in Sources */,
				A34CFD6712DE985C003E9972 /* NSInvocation+KiwiAdditions.m in Sources */,
				A34CFD6812DE985C003E9972 /* NSMethodSignature+KiwiAdditions.m in Sources */,
				A34CFD6912DE985C003E9972 /* NSNumber+KiwiAdditions.m in Sources */,
				A34CFD6A12DE985C003E9972 /* NSObject+KiwiMockAdditions.m in Sources */,
				A34CFD6B12DE985C003E9972 /* NSObject+KiwiStubAdditions.m in Sources */,
				A34CFD6C12DE985C003E9972 /* NSObject+KiwiVerifierAdditions.m in Sources */,
				A34CFD6D12DE985C003E9972 /* NSValue+KiwiAdditions.m in Sources */,
				A34CFDFB12DE9BB6003E9972 /* HCAllOf.mm in Sources */,
				A34CFDFC12DE9BB6003E9972 /* HCAnyOf.mm in Sources */,
				A34CFDFD12DE9BB6003E9972 /* HCDescribedAs.mm in Sources */,
				A34CFDFE12DE9BB6003E9972 /* HCIs.mm in Sources */,
				A34CFDFF12DE9BB6003E9972 /* HCIsAnything.mm in Sources */,
				A34CFE0012DE9BB6003E9972 /* HCIsEqual.mm in Sources */,
				A34CFE0112DE9BB6003E9972 /* HCIsInstanceOf.mm in Sources */,
				A34CFE0212DE9BB6003E9972 /* HCIsNil.mm in Sources */,
				A34CFE0312DE9BB6003E9972 /* HCIsNot.mm in Sources */,
				A34CFE0412DE9BB6003E9972 /* HCIsSame.mm in Sources */,
				A34CFE0512DE9BB6003E9972 /* HCBaseDescription.mm in Sources */,
				A34CFE0612DE9BB6003E9972 /* HCBaseMatcher.mm in Sources */,
				A34CFE0712DE9BB6003E9972 /* HCInvocationMatcher.mm in Sources */,
				A34CFE0812DE9BB6003E9972 /* HCMatcherAssert.mm in Sources */,
				A34CFE0912DE9BB6003E9972 /* HCStringDescription.mm in Sources */,
				A34CFE0A12DE9BB6003E9972 /* HCWrapInMatcher.mm in Sources */,
				A34CFE0B12DE9BB6003E9972 /* HCCollectMatchers.mm in Sources */,
				A34CFE0C12DE9BB6003E9972 /* NSObject_HCSelfDescribingValue.mm in Sources */,
				A34CFE0D12DE9BB6003E9972 /* HCIsCollectionContaining.mm in Sources */,
				A34CFE0E12DE9BB6003E9972 /* HCIsCollectionOnlyContaining.mm in Sources */,
				A34CFE0F12DE9BB6003E9972 /* HCIsDictionaryContaining.mm in Sources */,
				A34CFE1012DE9BB6003E9972 /* HCIsDictionaryContainingKey.mm in Sources */,
				A34CFE1112DE9BB6003E9972 /* HCIsDictionaryContainingValue.mm in Sources */,
				A34CFE1212DE9BB6003E9972 /* HCIsIn.mm in Sources */,
				A34CFE1312DE9BB6003E9972 /* HCIsCloseTo.mm in Sources */,
				A34CFE1412DE9BB6003E9972 /* HCIsEqualToNumber.mm in Sources */,
				A34CFE1512DE9BB6003E9972 /* HCNumberAssert.mm in Sources */,
				A34CFE1612DE9BB6003E9972 /* HCOrderingComparison.mm in Sources */,
				A34CFE1712DE9BB6003E9972 /* HCHasDescription.mm in Sources */,
				A34CFE1812DE9BB6003E9972 /* HCIsEqualIgnoringCase.mm in Sources */,
				A34CFE1912DE9BB6003E9972 /* HCIsEqualIgnoringWhiteSpace.mm in Sources */,
				A34CFE1A12DE9BB6003E9972 /* HCStringContains.mm in Sources */,
				A34CFE1B12DE9BB6003E9972 /* HCStringEndsWith.mm in Sources */,
				A34CFE1C12DE9BB6003E9972 /* HCStringStartsWith.mm in Sources */,
				A34CFE1D12DE9BB6003E9972 /* HCSubstringMatcher.mm in Sources */,
				A34CFEAE12DEA453003E9972 /* MimicSpec.m in Sources */,
				A34CFEC412DF34BD003E9972 /* MimicSpecWithWrapper.m in Sources */,
				A34C001312DF4808003E9972 /* LRMimic.m in Sources */,
				A34C00CF12DF5405003E9972 /* AssertEventually.m in Sources */,
			);
			runOnlyForDeploymentPostprocessing = 0;
		};
		D2AAC07B0554694100DB518D /* Sources */ = {
			isa = PBXSourcesBuildPhase;
			buildActionMask = 2147483647;
			files = (
			);
			runOnlyForDeploymentPostprocessing = 0;
		};
/* End PBXSourcesBuildPhase section */

/* Begin XCBuildConfiguration section */
		1DEB921F08733DC00010E9CD /* Debug */ = {
			isa = XCBuildConfiguration;
			buildSettings = {
				ALWAYS_SEARCH_USER_PATHS = NO;
				ARCHS = "$(ARCHS_STANDARD_32_BIT)";
				COPY_PHASE_STRIP = NO;
				DSTROOT = /tmp/MimicSpecDemo.dst;
				GCC_DYNAMIC_NO_PIC = NO;
				GCC_ENABLE_FIX_AND_CONTINUE = YES;
				GCC_MODEL_TUNING = G5;
				GCC_OPTIMIZATION_LEVEL = 0;
				GCC_PRECOMPILE_PREFIX_HEADER = YES;
				GCC_PREFIX_HEADER = MimicSpecDemo_Prefix.pch;
				INSTALL_PATH = /usr/local/lib;
				PRODUCT_NAME = MimicSpecDemo;
			};
			name = Debug;
		};
		1DEB922008733DC00010E9CD /* Release */ = {
			isa = XCBuildConfiguration;
			buildSettings = {
				ALWAYS_SEARCH_USER_PATHS = NO;
				ARCHS = "$(ARCHS_STANDARD_32_BIT)";
				DSTROOT = /tmp/MimicSpecDemo.dst;
				GCC_MODEL_TUNING = G5;
				GCC_PRECOMPILE_PREFIX_HEADER = YES;
				GCC_PREFIX_HEADER = MimicSpecDemo_Prefix.pch;
				INSTALL_PATH = /usr/local/lib;
				PRODUCT_NAME = MimicSpecDemo;
			};
			name = Release;
		};
		1DEB922308733DC00010E9CD /* Debug */ = {
			isa = XCBuildConfiguration;
			buildSettings = {
				ARCHS = "$(ARCHS_STANDARD_32_BIT)";
				GCC_C_LANGUAGE_STANDARD = c99;
				GCC_OPTIMIZATION_LEVEL = 0;
				GCC_WARN_ABOUT_RETURN_TYPE = YES;
				GCC_WARN_UNUSED_VARIABLE = YES;
				OTHER_LDFLAGS = "-ObjC";
				PREBINDING = NO;
				SDKROOT = iphoneos;
			};
			name = Debug;
		};
		1DEB922408733DC00010E9CD /* Release */ = {
			isa = XCBuildConfiguration;
			buildSettings = {
				ARCHS = "$(ARCHS_STANDARD_32_BIT)";
				GCC_C_LANGUAGE_STANDARD = c99;
				GCC_WARN_ABOUT_RETURN_TYPE = YES;
				GCC_WARN_UNUSED_VARIABLE = YES;
				OTHER_LDFLAGS = "-ObjC";
				PREBINDING = NO;
				SDKROOT = iphoneos;
			};
			name = Release;
		};
		A34CFC9412DE97AD003E9972 /* Debug */ = {
			isa = XCBuildConfiguration;
			buildSettings = {
				ALWAYS_SEARCH_USER_PATHS = NO;
				"CODE_SIGN_IDENTITY[sdk=iphoneos*]" = "";
				COPY_PHASE_STRIP = NO;
				FRAMEWORK_SEARCH_PATHS = (
					"\"$(SDKROOT)/Developer/Library/Frameworks\"",
					"\"$(DEVELOPER_LIBRARY_DIR)/Frameworks\"",
					"\"$(SRCROOT)\"",
				);
				GCC_DYNAMIC_NO_PIC = NO;
				GCC_ENABLE_FIX_AND_CONTINUE = NO;
				GCC_ENABLE_OBJC_EXCEPTIONS = YES;
				GCC_OPTIMIZATION_LEVEL = 0;
				INFOPLIST_FILE = "Specs-Info.plist";
				OTHER_LDFLAGS = (
					"-framework",
					Foundation,
					"-framework",
					SenTestingKit,
					"-framework",
					UIKit,
					"-all_load",
					"-ObjC",
				);
				PREBINDING = NO;
				PRODUCT_NAME = Specs;
				SDKROOT = iphoneos;
				WRAPPER_EXTENSION = octest;
			};
			name = Debug;
		};
		A34CFC9512DE97AD003E9972 /* Release */ = {
			isa = XCBuildConfiguration;
			buildSettings = {
				ALWAYS_SEARCH_USER_PATHS = NO;
				"CODE_SIGN_IDENTITY[sdk=iphoneos*]" = "";
				COPY_PHASE_STRIP = YES;
				DEBUG_INFORMATION_FORMAT = "dwarf-with-dsym";
				FRAMEWORK_SEARCH_PATHS = (
					"\"$(SDKROOT)/Developer/Library/Frameworks\"",
					"\"$(DEVELOPER_LIBRARY_DIR)/Frameworks\"",
					"\"$(SRCROOT)\"",
				);
				GCC_ENABLE_FIX_AND_CONTINUE = NO;
				GCC_ENABLE_OBJC_EXCEPTIONS = YES;
				INFOPLIST_FILE = "Specs-Info.plist";
				OTHER_LDFLAGS = (
					"-framework",
					Foundation,
					"-framework",
					SenTestingKit,
					"-framework",
					UIKit,
				);
				PREBINDING = NO;
				PRODUCT_NAME = Specs;
				SDKROOT = iphoneos;
				WRAPPER_EXTENSION = octest;
				ZERO_LINK = NO;
			};
			name = Release;
		};
/* End XCBuildConfiguration section */

/* Begin XCConfigurationList section */
		1DEB921E08733DC00010E9CD /* Build configuration list for PBXNativeTarget "MimicSpecDemo" */ = {
			isa = XCConfigurationList;
			buildConfigurations = (
				1DEB921F08733DC00010E9CD /* Debug */,
				1DEB922008733DC00010E9CD /* Release */,
			);
			defaultConfigurationIsVisible = 0;
			defaultConfigurationName = Release;
		};
		1DEB922208733DC00010E9CD /* Build configuration list for PBXProject "MimicSpecDemo" */ = {
			isa = XCConfigurationList;
			buildConfigurations = (
				1DEB922308733DC00010E9CD /* Debug */,
				1DEB922408733DC00010E9CD /* Release */,
			);
			defaultConfigurationIsVisible = 0;
			defaultConfigurationName = Release;
		};
		A34CFC9612DE97AD003E9972 /* Build configuration list for PBXNativeTarget "Specs" */ = {
			isa = XCConfigurationList;
			buildConfigurations = (
				A34CFC9412DE97AD003E9972 /* Debug */,
				A34CFC9512DE97AD003E9972 /* Release */,
			);
			defaultConfigurationIsVisible = 0;
			defaultConfigurationName = Release;
		};
/* End XCConfigurationList section */
	};
	rootObject = 0867D690FE84028FC02AAC07 /* Project object */;
}
